lockfileVersion: '6.0'

dependencies:
  '@metalsmith/collections':
    specifier: ^1.3.0
    version: 1.3.0(metalsmith@2.6.3)
  '@metalsmith/in-place':
    specifier: ^5.0.0
    version: 5.0.0(metalsmith@2.6.3)
  '@metalsmith/layouts':
    specifier: ^2.7.0
    version: 2.7.0(metalsmith@2.6.3)
  jstransformer-markdown:
    specifier: ^1.2.1
    version: 1.2.1
  jstransformer-nunjucks:
    specifier: ^1.2.0
    version: 1.2.0
  metalsmith:
    specifier: ^2.6.3
    version: 2.6.3
  metalsmith-assets:
    specifier: ^0.1.0
    version: 0.1.0
  metalsmith-date-formatter:
    specifier: ^1.0.2
    version: 1.0.2
  metalsmith-debug:
    specifier: ^1.2.0
    version: 1.2.0
  metalsmith-feed:
    specifier: ^1.0.0
    version: 1.0.0
  metalsmith-markdown:
    specifier: ^1.3.0
    version: 1.3.0
  metalsmith-paths:
    specifier: ^4.0.6
    version: 4.0.6
  metalsmith-renamer:
    specifier: ^0.5.85
    version: 0.5.217
  metalsmith-word-count:
    specifier: 0.0.4
    version: 0.0.4
  nodemon:
    specifier: ^3.1.0
    version: 3.1.0

packages:

  /@metalsmith/collections@1.3.0(metalsmith@2.6.3):
    resolution: {integrity: sha512-RnTyDeDvlOPQ6/yisUeCVfy4gjPzImW9lDTP9gbQa1I5EAZ6kXrvlSnMxiIqqQ9/VPePv68TOXJRqkancfF2bA==}
    engines: {node: '>=12'}
    peerDependencies:
      metalsmith: ^2.5.0
    dependencies:
      lodash.get: 4.4.2
      metalsmith: 2.6.3
      read-metadata: 1.0.0
    dev: false

  /@metalsmith/in-place@5.0.0(metalsmith@2.6.3):
    resolution: {integrity: sha512-7b7w4OPm5yvBysEVbFcEsEtrToEhcN8gv9+MJTmvu3SPVnflJ9i8W4MfZfG71hIi8hvKEqQFGdKgAzhcX8d1zQ==}
    engines: {node: '>=14.14.0'}
    peerDependencies:
      metalsmith: ^2.5.0
    dependencies:
      is-utf8: 0.2.1
      jstransformer: 1.0.0
      metalsmith: 2.6.3
    dev: false

  /@metalsmith/layouts@2.7.0(metalsmith@2.6.3):
    resolution: {integrity: sha512-VG5ldPSsTxUvHqFQo0u5mjWtS2IUUOqYKHvWnEHKol1UhaXhhYBYSnG0D8kjk+XzGw+mWxNfv/JoAhg94filXA==}
    engines: {node: '>=12.0.0'}
    peerDependencies:
      metalsmith: ^2.4.1
    dependencies:
      inputformat-to-jstransformer: 1.4.0
      is-utf8: 0.2.1
      jstransformer: 1.0.0
      metalsmith: 2.6.3
    dev: false

  /@sinonjs/commons@2.0.0:
    resolution: {integrity: sha512-uLa0j859mMrg2slwQYdO/AkrOfmH+X6LTVmNTS9CqexuE2IvVORIkSpJLqePAbEnKJ77aMmCwr1NUZ57120Xcg==}
    dependencies:
      type-detect: 4.0.8
    dev: false

  /@sinonjs/commons@3.0.1:
    resolution: {integrity: sha512-K3mCHKQ9sVh8o1C9cxkwxaOmXoAMlDxC1mYyHrjqOWEcBjYr76t96zL2zlj5dUGZ3HSw240X1qgH3Mjf1yJWpQ==}
    dependencies:
      type-detect: 4.0.8
    dev: false

  /@sinonjs/fake-timers@10.3.0:
    resolution: {integrity: sha512-V4BG07kuYSUkTCSBHG8G8TNhM+F19jXFWnQtzj+we8DrkpSBCee9Z3Ms8yiGer/dlmhe35/Xdgyo3/0rQKg7YA==}
    dependencies:
      '@sinonjs/commons': 3.0.1
    dev: false

  /@sinonjs/fake-timers@11.2.2:
    resolution: {integrity: sha512-G2piCSxQ7oWOxwGSAyFHfPIsyeJGXYtc6mFbnFA+kRXkiEnTl8c/8jul2S329iFBnDI9HGoeWWAZvuvOkZccgw==}
    dependencies:
      '@sinonjs/commons': 3.0.1
    dev: false

  /@sinonjs/samsam@8.0.0:
    resolution: {integrity: sha512-Bp8KUVlLp8ibJZrnvq2foVhP0IVX2CIprMJPK0vqGqgrDa0OHVKeZyBykqskkrdxV6yKBPmGasO8LVjAKR3Gew==}
    dependencies:
      '@sinonjs/commons': 2.0.0
      lodash.get: 4.4.2
      type-detect: 4.0.8
    dev: false

  /@sinonjs/text-encoding@0.7.2:
    resolution: {integrity: sha512-sXXKG+uL9IrKqViTtao2Ws6dy0znu9sOaP1di/jKGW1M6VssO8vlpXCQcpZ+jisQ1tTFAC5Jo/EOzFbggBagFQ==}
    dev: false

  /CSSselect@0.4.1:
    resolution: {integrity: sha512-r4HWARRbQ6enGbdPCrl3bNybORIcU0AcBLTyaxcWNTRd6EH2/w9RInHkUbUhwehrBFN1KQz+yFulhyIH31ZXAw==}
    deprecated: the module is now available as 'css-select'
    dependencies:
      CSSwhat: 0.4.7
      domutils: 1.4.3
    dev: false

  /CSSwhat@0.4.7:
    resolution: {integrity: sha512-bU5cYG02crjQGDN6wm8USThp/sr/MUulMTrVA1CENSBhv3B+mlJfYDP1em/wJlMT0aYcWso0cuT9NXW74yPfog==}
    deprecated: the module is now available as 'css-what'
    dev: false

  /a-sync-waterfall@1.0.1:
    resolution: {integrity: sha512-RYTOHHdWipFUliRFMCS4X2Yn2X8M87V/OpSqWzKKOGhzqyUxzyVmhHDH9sAvG+ZuQf/TAOFsLCpMw09I1ufUnA==}
    dev: false

  /abbrev@1.1.1:
    resolution: {integrity: sha512-nne9/IiQ/hzIhY6pdDnbBtz7DjPTKrY00P/zvPSm5pOFkl6xuGrGnXn/VtTNNfNtAfZ9/1RtehkszU9qcTii0Q==}
    dev: false

  /anymatch@3.1.3:
    resolution: {integrity: sha512-KMReFUr0B4t+D+OBkjR3KYqvocp2XaSzO55UcB6mgQMd3KbcE+mWTyvVV7D/zsdEbNnV6acZUutkiHQXvTr1Rw==}
    engines: {node: '>= 8'}
    dependencies:
      normalize-path: 3.0.0
      picomatch: 2.3.1
    dev: false

  /argparse@1.0.10:
    resolution: {integrity: sha512-o5Roy6tNG4SL/FOkCAN6RzjiakZS25RLYFrcMttJqbdd8BWrnA+fGz57iN5Pb06pvBGvl5gQ0B48dJlslXvoTg==}
    dependencies:
      sprintf-js: 1.0.3
    dev: false

  /array-differ@1.0.0:
    resolution: {integrity: sha512-LeZY+DZDRnvP7eMuQ6LHfCzUGxAAIViUBliK24P3hWXL6y4SortgR6Nim6xrkfSLlmH0+k+9NYNwVC2s53ZrYQ==}
    engines: {node: '>=0.10.0'}
    dev: false

  /array-union@1.0.2:
    resolution: {integrity: sha512-Dxr6QJj/RdU/hCaBjOfxW+q6lyuVE6JFWIrAUpuOOhoJJoQ99cUn3igRaHVB5P9WrgFVN0FfArM3x0cueOU8ng==}
    engines: {node: '>=0.10.0'}
    dependencies:
      array-uniq: 1.0.3
    dev: false

  /array-uniq@1.0.3:
    resolution: {integrity: sha512-MNha4BWQ6JbwhFhj03YK552f7cb3AzoE8SzeljgChvL1dl3IcvggXVz1DilzySZkCja+CXuZbdW7yATchWn8/Q==}
    engines: {node: '>=0.10.0'}
    dev: false

  /arrify@1.0.1:
    resolution: {integrity: sha512-3CYzex9M9FGQjCGMGyi6/31c8GJbgb0qGyrx5HWxPd0aCwh4cB2YjMb2Xf9UuoogrMrlO9cTqnB5rI5GHZTcUA==}
    engines: {node: '>=0.10.0'}
    dev: false

  /asap@2.0.6:
    resolution: {integrity: sha512-BSHWgDSAiKs50o2Re8ppvp3seVHXSRM44cdSsT9FfNEUUZLOGWVCsiWaRPWM1Znn+mqZ1OfVZ3z3DWEzSp7hRA==}
    dev: false

  /async@0.7.0:
    resolution: {integrity: sha512-9GReTNJtSSP+tNXZhlXuzPrRVlhH7Abwgf9qsV4NVLiChZpzFKvWGIwAss+uOUlsLjEnQbbVX1ERDTpjM5EmQg==}
    dev: false

  /balanced-match@1.0.2:
    resolution: {integrity: sha512-3oSeUO0TMV67hN1AmbXsK4yaqU7tjiHlbxRDZOpH0KW9+CeX4bRAaX0Anxt0tx2MrpRpWwQaPwIlISEJhYU5Pw==}
    dev: false

  /binary-extensions@2.2.0:
    resolution: {integrity: sha512-jDctJ/IVQbZoJykoeHbhXpOlNBqGNcwXJKJog42E5HDPUwQTSdjCHdihjj0DlnheQ7blbT6dHOafNAiS8ooQKA==}
    engines: {node: '>=8'}
    dev: false

  /brace-expansion@1.1.11:
    resolution: {integrity: sha512-iCuPHDFgrHX7H2vEI/5xpz07zSHB00TpugqhmYtVmMO6518mCuRMoOYFldEBl0g187ufozdaHgWKcYFb61qGiA==}
    dependencies:
      balanced-match: 1.0.2
      concat-map: 0.0.1
    dev: false

  /braces@3.0.2:
    resolution: {integrity: sha512-b8um+L1RzM3WDSzvhm6gIz1yfTbBt6YTlcEKAvsmqCZZFw46z626lVj9j1yEPW33H5H+lBQpZMP1k8l+78Ha0A==}
    engines: {node: '>=8'}
    dependencies:
      fill-range: 7.0.1
    dev: false

  /cheerio@0.17.0:
    resolution: {integrity: sha512-pakQLw14btS8T4+Q3dgFbe7x447hjsQeEhMJ2kHg8YrOLSmKS0xGl9REnz/eic7dsxS0S9kMRbZcsqrlMAS0dQ==}
    engines: {node: '>= 0.6'}
    dependencies:
      CSSselect: 0.4.1
      dom-serializer: 0.0.1
      entities: 1.1.2
      htmlparser2: 3.7.3
      lodash: 2.4.2
    dev: false

  /chokidar@3.6.0:
    resolution: {integrity: sha512-7VT13fmjotKpGipCW9JEQAusEPE+Ei8nl6/g4FBAmIm0GOOLMua9NDDo/DWp0ZAxCr3cPq5ZpBqmPAQgDda2Pw==}
    engines: {node: '>= 8.10.0'}
    dependencies:
      anymatch: 3.1.3
      braces: 3.0.2
      glob-parent: 5.1.2
      is-binary-path: 2.1.0
      is-glob: 4.0.3
      normalize-path: 3.0.0
      readdirp: 3.6.0
    optionalDependencies:
      fsevents: 2.3.3
    dev: false

  /co@3.1.0:
    resolution: {integrity: sha512-CQsjCRiNObI8AtTsNIBDRMQ4oMR83CzEswHYahClvul7gKk+lDQiOKv+5qh7LQWf5sh6jkZNispz/QlsZxyNgA==}
    dev: false

  /commander@10.0.1:
    resolution: {integrity: sha512-y4Mg2tXshplEbSGzx7amzPwKKOCGuoSRP/CjEdwwk0FOGlUbq6lKuoyDZTNZkmxHdJtp54hdfY/JUrdL7Xfdug==}
    engines: {node: '>=14'}
    dev: false

  /commander@5.1.0:
    resolution: {integrity: sha512-P0CysNDQ7rtVw4QIQtm+MRxV66vKFSvlsQvGYXZWR3qFU0jlMKHZZZgw8e+8DSah4UDKMqnknRDQz+xuQXQ/Zg==}
    engines: {node: '>= 6'}
    dev: false

  /concat-map@0.0.1:
    resolution: {integrity: sha512-/Srv4dswyQNBfohGpz9o6Yb3Gz3SrUDqBH5rTuhGR7ahtlbYKnVxw2bCFMRljaA7EXHaXZ8wsHdodFvbkhKmqg==}
    dev: false

  /core-util-is@1.0.3:
    resolution: {integrity: sha512-ZQBvi1DcpJ4GDqanjucZ2Hj3wEO5pZDS89BWbkcrvdxksJorwUDDZamX9ldFkp9aw2lmBDLgkObEA4DWNJ9FYQ==}
    dev: false

  /debug@0.8.1:
    resolution: {integrity: sha512-HlXEJm99YsRjLJ8xmuz0Lq8YUwrv7hAJkTEr6/Em3sUlSUNl0UdFA+1SrY4fnykeq1FVkUEUtwRGHs9VvlYbGA==}
    peerDependencies:
      supports-color: '*'
    peerDependenciesMeta:
      supports-color:
        optional: true
    dev: false

  /debug@2.6.9:
    resolution: {integrity: sha512-bC7ElrdJaJnPbAP+1EotYvqZsb3ecl5wi6Bfi6BJTUcNowp6cvspg0jXznRTKDjm/E7AdgFBVeAPVMNcKGsHMA==}
    peerDependencies:
      supports-color: '*'
    peerDependenciesMeta:
      supports-color:
        optional: true
    dependencies:
      ms: 2.0.0
    dev: false

  /debug@4.3.4(supports-color@5.5.0):
    resolution: {integrity: sha512-PRWFHuSU3eDtQJPvnNY7Jcket1j0t5OuOsFzPPzsekD52Zl8qUfFIPEiswXqIvHWGVHOgX+7G/vCNNhehwxfkQ==}
    engines: {node: '>=6.0'}
    peerDependencies:
      supports-color: '*'
    peerDependenciesMeta:
      supports-color:
        optional: true
    dependencies:
      ms: 2.1.2
      supports-color: 5.5.0
    dev: false

  /diff@5.2.0:
    resolution: {integrity: sha512-uIFDxqpRZGZ6ThOk84hEfqWoHx2devRFvpTZcTHur85vImfaxUbTW9Ryh4CpCuDnToOP1CEtXKIgytHBPVff5A==}
    engines: {node: '>=0.3.1'}
    dev: false

  /dom-serializer@0.0.1:
    resolution: {integrity: sha512-evvizoLtT5uMpDT3iKRAx1NmTCk2ZdOD7ATqmL27QJkCv8XQmGKv/eFuvAjHhySNBACREAcXGBqozYhV1dOdag==}
    dependencies:
      domelementtype: 1.1.3
      entities: 1.1.2
    dev: false

  /domelementtype@1.1.3:
    resolution: {integrity: sha512-zEvAAsFY0DeHkrqWBRkSsmgaE7yADgpez40JUFjISb+uzSinl2F6QbG4lMEBE4P06gCGF6VnsykmbNgu7ZIHzA==}
    dev: false

  /domelementtype@1.3.1:
    resolution: {integrity: sha512-BSKB+TSpMpFI/HOxCNr1O8aMOTZ8hT3pM3GQ0w/mWRmkhEDSFJkkyzz4XQsBV44BChwGkrDfMyjVD0eA2aFV3w==}
    dev: false

  /domhandler@2.2.1:
    resolution: {integrity: sha512-MFFBQFGkyTuNe3vL9WEw9JdlCwIoBYpOGESLeZAvc/jClYNsOl6P1KzevJbWg76GovdEycfR7/2/Ra7NnqtMKw==}
    dependencies:
      domelementtype: 1.3.1
    dev: false

  /domutils@1.4.3:
    resolution: {integrity: sha512-ZkVgS/PpxjyJMb+S2iVHHEZjVnOUtjGp0/zstqKGTE9lrZtNHlNQmLwP/lhLMEApYbzc08BKMx9IFpKhaSbW1w==}
    dependencies:
      domelementtype: 1.3.1
    dev: false

  /domutils@1.5.1:
    resolution: {integrity: sha512-gSu5Oi/I+3wDENBsOWBiRK1eoGxcywYSqg3rR960/+EfY0CF4EX1VPkgHOZ3WiS/Jg2DtliF6BhWcHlfpYUcGw==}
    dependencies:
      dom-serializer: 0.0.1
      domelementtype: 1.3.1
    dev: false

  /entities@1.0.0:
    resolution: {integrity: sha512-LbLqfXgJMmy81t+7c14mnulFHJ170cM6E+0vMXR9k/ZiZwgX8i5pNgjTCX3SO4VeUsFLV+8InixoretwU+MjBQ==}
    dev: false

  /entities@1.1.2:
    resolution: {integrity: sha512-f2LZMYl1Fzu7YSBKg+RoROelpOaNrcGmE9AZubeDfrCEia483oW4MI4VyFd5VNHIgQ/7qm1I0wUHK1eJnn2y2w==}
    dev: false

  /esprima@4.0.1:
    resolution: {integrity: sha512-eGuFFw7Upda+g4p+QHvnW0RyTX/SVeJBDM/gCtMARO0cLuT2HcEKnTPvhjV6aGeqrCB/sbNop0Kszm0jsaWU4A==}
    engines: {node: '>=4'}
    hasBin: true
    dev: false

  /extend-shallow@2.0.1:
    resolution: {integrity: sha512-zCnTtlxNoAiDc3gqY2aYAWFx7XWWiasuF2K8Me5WbN8otHKTUKBwjPtNpRs/rbUZm7KxWAaNj7P1a/p52GbVug==}
    engines: {node: '>=0.10.0'}
    dependencies:
      is-extendable: 0.1.1
    dev: false

  /extend@3.0.2:
    resolution: {integrity: sha512-fjquC59cD7CyW6urNXK0FBufkZcoiGG80wTuPujX590cB5Ttln20E2UB4S/WARVqhXffZl2LNgS+gQdPIIim/g==}
    dev: false

  /fill-range@7.0.1:
    resolution: {integrity: sha512-qOo9F+dMUmC2Lcb4BbVvnKJxTPjCm+RRpe4gDuGrzkL7mEVl/djYSu2OdQ2Pa302N4oqkSg9ir6jaLWJ2USVpQ==}
    engines: {node: '>=8'}
    dependencies:
      to-regex-range: 5.0.1
    dev: false

  /fsevents@2.3.3:
    resolution: {integrity: sha512-5xoDfX+fL7faATnagmWPpbFtwh/R77WmMMqqHGS65C3vvB0YHrgF+B1YmZ3441tMj5n63k0212XNoJwzlhffQw==}
    engines: {node: ^8.16.0 || ^10.6.0 || >=11.0.0}
    os: [darwin]
    requiresBuild: true
    dev: false
    optional: true

  /glob-parent@5.1.2:
    resolution: {integrity: sha512-AOIgSQCepiJYwP3ARnGx+5VnTu2HBYdzbGP45eLw1vr3zB3vZLeyed1sC9hnbcOc9/SrMyM5RPQrkGz4aS9Zow==}
    engines: {node: '>= 6'}
    dependencies:
      is-glob: 4.0.3
    dev: false

  /gray-matter@4.0.3:
    resolution: {integrity: sha512-5v6yZd4JK3eMI3FqqCouswVqwugaA9r4dNZB1wwcmrD02QkV5H0y7XBQW8QwQqEaZY1pM9aqORSORhJRdNK44Q==}
    engines: {node: '>=6.0'}
    dependencies:
      js-yaml: 3.14.1
      kind-of: 6.0.3
      section-matter: 1.0.0
      strip-bom-string: 1.0.0
    dev: false

  /has-flag@3.0.0:
    resolution: {integrity: sha512-sKJf1+ceQBr4SMkvQnBDNDtf4TXpVhVGateu0t918bl30FnbE2m4vNLX+VWe/dpjlb+HugGYzW7uQXH98HPEYw==}
    engines: {node: '>=4'}
    dev: false

  /has-flag@4.0.0:
    resolution: {integrity: sha512-EykJT/Q1KjTWctppgIAgfSO0tKVuZUjhgMr17kqTumMl6Afv3EISleU7qZUzoXDFTAHTDC4NOoG/ZxU3EvlMPQ==}
    engines: {node: '>=8'}
    dev: false

  /htmlparser2@3.7.3:
    resolution: {integrity: sha512-XdyuCBH3/tTuRTCMFolbj5stKZek8FK7KVXm+aHYivHmXVo18jINvc2jR5zgFkp//z2KWl5vppTJ4DWhltYruA==}
    dependencies:
      domelementtype: 1.3.1
      domhandler: 2.2.1
      domutils: 1.5.1
      entities: 1.0.0
      readable-stream: 1.1.14
    dev: false

  /ignore-by-default@1.0.1:
    resolution: {integrity: sha512-Ius2VYcGNk7T90CppJqcIkS5ooHUZyIQK+ClZfMfMNFEF9VSE73Fq+906u/CWu92x4gzZMWOwfFYckPObzdEbA==}
    dev: false

  /inherits@2.0.4:
    resolution: {integrity: sha512-k/vGaX4/Yla3WzyMCvTQOXYeIHvqOKtnqBduzTHpzpQZzAskKMhZ2K+EnBiSM9zGSoIFeMpXKxa4dYeZIQqewQ==}
    dev: false

  /inputformat-to-jstransformer@1.4.0:
    resolution: {integrity: sha512-Ub+Wjb0mjaND4IS/GDvQ+TEyd1i9U4OdrF58mBY7QTYu8CK5K34DPV7mrvo/WQBJLj7UJWQc7QAmFb7CbQ5lLw==}
    engines: {node: '>=4'}
    dependencies:
      require-one: 1.0.3
    dev: false

  /is-binary-path@2.1.0:
    resolution: {integrity: sha512-ZMERYes6pDydyuGidse7OsHxtbI7WVeUEozgR/g7rd0xUimYNlvZRE/K2MgZTjWy725IfelLeVcEM97mmtRGXw==}
    engines: {node: '>=8'}
    dependencies:
      binary-extensions: 2.2.0
    dev: false

  /is-extendable@0.1.1:
    resolution: {integrity: sha512-5BMULNob1vgFX6EjQw5izWDxrecWK9AM72rugNr0TFldMOi0fj6Jk+zeKIt0xGj4cEfQIJth4w3OKWOJ4f+AFw==}
    engines: {node: '>=0.10.0'}
    dev: false

  /is-extglob@2.1.1:
    resolution: {integrity: sha512-SbKbANkN603Vi4jEZv49LeVJMn4yGwsbzZworEoyEiutsN3nJYdbO36zfhGJ6QEDpOZIFkDtnq5JRxmvl3jsoQ==}
    engines: {node: '>=0.10.0'}
    dev: false

  /is-glob@4.0.3:
    resolution: {integrity: sha512-xelSayHH36ZgE7ZWhli7pW34hNbNl8Ojv5KVmkJD4hBdD3th8Tfk9vYasLM+mXWOZhFkgZfxhLSnrwRr4elSSg==}
    engines: {node: '>=0.10.0'}
    dependencies:
      is-extglob: 2.1.1
    dev: false

  /is-number@7.0.0:
    resolution: {integrity: sha512-41Cifkg6e8TylSpdtTpeLVMqvSBEVzTttHvERD741+pnZ8ANv0004MRL43QKPDlK9cGvNp6NZWZUBlbGXYxxng==}
    engines: {node: '>=0.12.0'}
    dev: false

  /is-promise@2.2.2:
    resolution: {integrity: sha512-+lP4/6lKUBfQjZ2pdxThZvLUAafmZb8OAxFb8XXtiQmS35INgr85hdOGoEs124ez1FCnZJt6jau/T+alh58QFQ==}
    dev: false

  /is-utf8@0.2.1:
    resolution: {integrity: sha512-rMYPYvCzsXywIsldgLaSoPlw5PfoB/ssr7hY4pLfcodrA5M/eArza1a9VmTiNIBNMjOGr1Ow9mTyU2o69U6U9Q==}
    dev: false

  /isarray@0.0.1:
    resolution: {integrity: sha512-D2S+3GLxWH+uhrNEcoh/fnmYeP8E8/zHl644d/jdA0g2uyXvy3sb0qxotE+ne0LtccHknQzWwZEzhak7oJ0COQ==}
    dev: false

  /js-yaml@3.14.1:
    resolution: {integrity: sha512-okMH7OXXJ7YrN9Ok3/SXrnu4iX9yOk+25nqX4imS2npuvTYDmo/QEZoqwZkYaIDk3jVvBOTOIEgEhaLOynBS9g==}
    hasBin: true
    dependencies:
      argparse: 1.0.10
      esprima: 4.0.1
    dev: false

  /jstransformer-markdown@1.2.1:
    resolution: {integrity: sha512-rNLxNC3LIGAc26Qcro73eWoosKymqyNVDn909KIq2QHVHGWZ+d+JzOCrHsmUt3DNAKF+hkJQJ1JufAhFEdZ5gw==}
    engines: {node: '>=4'}
    dependencies:
      markdown: 0.5.0
    dev: false

  /jstransformer-nunjucks@1.2.0:
    resolution: {integrity: sha512-3v8+d486W538nJCMt6+MENHiqp18YIaUGKWAEt1Vu2rjo64ZBMLBUfOouKLGfMgamgjbQcRMpjMnrfu+bKTjJw==}
    engines: {node: '>=8.0.0'}
    dependencies:
      nunjucks: 3.2.4
    transitivePeerDependencies:
      - chokidar
    dev: false

  /jstransformer@1.0.0:
    resolution: {integrity: sha512-C9YK3Rf8q6VAPDCCU9fnqo3mAfOH6vUGnMcP4AQAYIEpWtfGLpwOTmZ+igtdK5y+VvI2n3CyYSzy4Qh34eq24A==}
    dependencies:
      is-promise: 2.2.2
      promise: 7.3.1
    dev: false

  /just-extend@6.2.0:
    resolution: {integrity: sha512-cYofQu2Xpom82S6qD778jBDpwvvy39s1l/hrYij2u9AMdQcGRpaBu6kY4mVhuno5kJVi1DAz4aiphA2WI1/OAw==}
    dev: false

  /kind-of@6.0.3:
    resolution: {integrity: sha512-dcS1ul+9tmeD95T+x28/ehLgd9mENa3LsvDTtzm3vyBEO7RPptvAD+t44WVXaUjTBRcrpFeFlC8WCruUR456hw==}
    engines: {node: '>=0.10.0'}
    dev: false

  /lodash._arrayeach@3.0.0:
    resolution: {integrity: sha512-Mn7HidOVcl3mkQtbPsuKR0Fj0N6Q6DQB77CtYncZcJc0bx5qv2q4Gl6a0LC1AN+GSxpnBDNnK3CKEm9XNA4zqQ==}
    dev: false

  /lodash._basecallback@3.3.1:
    resolution: {integrity: sha512-LQffghuO63ufDY33KKO1ezGKbcFZK3ngYV7JpxaUomoM5acf0YeXU3Pm8csVE0girVs50TXzfNibl69Co3ggJA==}
    dependencies:
      lodash._baseisequal: 3.0.7
      lodash._bindcallback: 3.0.1
      lodash.isarray: 3.0.4
      lodash.pairs: 3.0.1
    dev: false

  /lodash._basecreate@3.0.3:
    resolution: {integrity: sha512-EDem6C9iQpn7fxnGdmhXmqYGjCkStmDXT4AeyB2Ph8WKbglg4aJZczNkQglj+zWXcOEEkViK8THuV2JvugW47g==}
    dev: false

  /lodash._basefor@3.0.3:
    resolution: {integrity: sha512-6bc3b8grkpMgDcVJv9JYZAk/mHgcqMljzm7OsbmcE2FGUMmmLQTPHlh/dFqR8LA0GQ7z4K67JSotVKu5058v1A==}
    dev: false

  /lodash._baseisequal@3.0.7:
    resolution: {integrity: sha512-U+3GsNEZj9ebI03ncLC2pLmYVjgtYZEwdkAPO7UGgtGvAz36JVFPAQUufpSaVL93Cz5arc6JGRKZRhaOhyVJYA==}
    dependencies:
      lodash.isarray: 3.0.4
      lodash.istypedarray: 3.0.6
      lodash.keys: 3.1.2
    dev: false

  /lodash._bindcallback@3.0.1:
    resolution: {integrity: sha512-2wlI0JRAGX8WEf4Gm1p/mv/SZ+jLijpj0jyaE/AXeuQphzCgD8ZQW4oSpoN8JAopujOFGU3KMuq7qfHBWlGpjQ==}
    dev: false

  /lodash._getnative@3.9.1:
    resolution: {integrity: sha512-RrL9VxMEPyDMHOd9uFbvMe8X55X16/cGM5IgOKgRElQZutpX89iS6vwl64duTV1/16w5JY7tuFNXqoekmh1EmA==}
    dev: false

  /lodash.clonedeepwith@4.5.0:
    resolution: {integrity: sha512-QRBRSxhbtsX1nc0baxSkkK5WlVTTm/s48DSukcGcWZwIyI8Zz+lB+kFiELJXtzfH4Aj6kMWQ1VWW4U5uUDgZMA==}
    dev: false

  /lodash.get@4.4.2:
    resolution: {integrity: sha512-z+Uw/vLuy6gQe8cfaFWD7p0wVv8fJl3mbzXh33RS+0oW2wvUqiRXiQ69gLWSLpgB5/6sU+r6BlQR0MBILadqTQ==}
    dev: false

  /lodash.isarguments@3.1.0:
    resolution: {integrity: sha512-chi4NHZlZqZD18a0imDHnZPrDeBbTtVN7GXMwuGdRH9qotxAjYs3aVLKc7zNOG9eddR5Ksd8rvFEBc9SsggPpg==}
    dev: false

  /lodash.isarray@3.0.4:
    resolution: {integrity: sha512-JwObCrNJuT0Nnbuecmqr5DgtuBppuCvGD9lxjFpAzwnVtdGoDQ1zig+5W8k5/6Gcn0gZ3936HDAlGd28i7sOGQ==}
    dev: false

  /lodash.isempty@3.0.4:
    resolution: {integrity: sha512-EBXf5c6dJX/YZvNqqdNlR1cFfGxPTih+jw4idJ9Iib3L2H9PHX190YWrg4g4Kjr7flNFlcAsXWWEYZhTGHNacw==}
    dependencies:
      lodash.isarguments: 3.1.0
      lodash.isarray: 3.0.4
      lodash.isfunction: 3.0.9
      lodash.isstring: 3.0.1
      lodash.keys: 3.1.2
    dev: false

  /lodash.isfunction@3.0.9:
    resolution: {integrity: sha512-AirXNj15uRIMMPihnkInB4i3NHeb4iBtNg9WRWuK2o31S+ePwwNmDPaTL3o7dTJ+VXNZim7rFs4rxN4YU1oUJw==}
    dev: false

  /lodash.isstring@3.0.1:
    resolution: {integrity: sha512-UiX/KDS9ryxRpGR1q6zSwV9LxsG6PbN3OCD73O48JiRfG1z0cG3LCl3X9AEEdluRNuxduz1u94rS6BW9vSl9Vw==}
    dev: false

  /lodash.istypedarray@3.0.6:
    resolution: {integrity: sha512-lGWJ6N8AA3KSv+ZZxlTdn4f6A7kMfpJboeyvbFdE7IU9YAgweODqmOgdUHOA+c6lVWeVLysdaxciFXi+foVsWw==}
    dev: false

  /lodash.keys@3.1.2:
    resolution: {integrity: sha512-CuBsapFjcubOGMn3VD+24HOAPxM79tH+V6ivJL3CHYjtrawauDJHUk//Yew9Hvc6e9rbCrURGk8z6PC+8WJBfQ==}
    dependencies:
      lodash._getnative: 3.9.1
      lodash.isarguments: 3.1.0
      lodash.isarray: 3.0.4
    dev: false

  /lodash.pairs@3.0.1:
    resolution: {integrity: sha512-lgXvpU43ZNQrZ/pK2cR97YzKeAno3e3HhcyvLKsofljeHKrQcZhT1vW7fg4X61c92tM+mjD/DypoLZYuAKNIkQ==}
    dependencies:
      lodash.keys: 3.1.2
    dev: false

  /lodash.transform@3.0.4:
    resolution: {integrity: sha512-zYfIHAMTvacrHBeh2ihCdDcFEWzAlft2orIyFkAL/fjMR4LxnnY5RoxUTMRdzU1I1t4GufDjyLBOQUCPmd08iw==}
    dependencies:
      lodash._arrayeach: 3.0.0
      lodash._basecallback: 3.3.1
      lodash._basecreate: 3.0.3
      lodash._basefor: 3.0.3
      lodash.isarray: 3.0.4
      lodash.isfunction: 3.0.9
      lodash.istypedarray: 3.0.6
      lodash.keys: 3.1.2
    dev: false

  /lodash@2.4.2:
    resolution: {integrity: sha512-Kak1hi6/hYHGVPmdyiZijoQyz5x2iGVzs6w9GYB/HiXEtylY7tIoYEROMjvM1d9nXJqPOrG2MNPMn01bJ+S0Rw==}
    engines: {'0': node, '1': rhino}
    dev: false

  /lru-cache@2.7.3:
    resolution: {integrity: sha512-WpibWJ60c3AgAz8a2iYErDrcT2C7OmKnsWhIcHOjkUHFjkXncJhtLxNSqUmxRxRunpb5I8Vprd7aNSd2NtksJQ==}
    dev: false

  /lru-cache@6.0.0:
    resolution: {integrity: sha512-Jo6dJ04CmSjuznwJSS3pUeWmd/H0ffTlkXXgwZi+eq1UCmqQwCh+eLsYOYCwY991i2Fah4h1BEMCx4qThGbsiA==}
    engines: {node: '>=10'}
    dependencies:
      yallist: 4.0.0
    dev: false

  /markdown@0.5.0:
    resolution: {integrity: sha512-ctGPIcuqsYoJ493sCtFK7H4UEgMWAUdXeBhPbdsg1W0LsV9yJELAHRsMmWfTgao6nH0/x5gf9FmsbxiXnrgaIQ==}
    hasBin: true
    dependencies:
      nopt: 2.1.2
    dev: false

  /marked@0.7.0:
    resolution: {integrity: sha512-c+yYdCZJQrsRjTPhUx7VKkApw9bwDkNbHUKo1ovgcfDjb2kc8rLuRbIFyXL5WOEUwzSSKo3IXpph2K6DqB/KZg==}
    engines: {node: '>=0.10.0'}
    hasBin: true
    dev: false

  /merge@1.2.1:
    resolution: {integrity: sha512-VjFo4P5Whtj4vsLzsYBu5ayHhoHJ0UqNm7ibvShmbmoz7tGi0vXaoJbGdB+GmDMLUdg8DpQXEIeVDAe8MaABvQ==}
    dev: false

  /metalsmith-assets@0.1.0:
    resolution: {integrity: sha512-8IthU+5ZWmE2e520oARuHXl3p7A2+1qpo8xrYKZy8tTzX8a1PVzQjOv8O9AzyWoXbHsCuAlWMGvKmHbcr+QnYw==}
    dependencies:
      async: 0.7.0
      debug: 0.8.1
      merge: 1.2.1
      recursive-readdir: 1.3.0
      stat-mode: 0.2.2
    transitivePeerDependencies:
      - supports-color
    dev: false

  /metalsmith-date-formatter@1.0.2:
    resolution: {integrity: sha512-s010/SJEvSPSPveSMBxdLlhG+HbacLP51w9u8oboAZVuEL6F7v9vgiYWVBFFs8OoBPCrhN+Wn20geJt7kF0LWw==}
    dependencies:
      lodash.isarray: 3.0.4
      lodash.isempty: 3.0.4
      lodash.isstring: 3.0.1
      lodash.transform: 3.0.4
      moment: 2.29.4
    dev: false

  /metalsmith-debug@1.2.0:
    resolution: {integrity: sha512-tLd3pce0ENniCLnrzsWUOMiFDk5yxzumgVjamTjJaButh5xhF/uwxNYmpDUItXxRfNaX4i1VRqSkIriRoHdHOQ==}
    dependencies:
      debug: 2.6.9
      multimatch: 2.1.0
    transitivePeerDependencies:
      - supports-color
    dev: false

  /metalsmith-feed@1.0.0:
    resolution: {integrity: sha512-FoBM1g5qkaN0EhxxRk4GaUAFENTbHXauxtMSVEb7KZT3mUxWPIsFtNL+YS4DnWwOsH1HF0YUROPuofqNM5tY5Q==}
    dependencies:
      extend: 3.0.2
      rss: 1.2.2
    dev: false

  /metalsmith-markdown@1.3.0:
    resolution: {integrity: sha512-wStYRbJIYwNTDtHmVfb6RjNfFB+DkloIoQr600pXT2QRnbqMsdnAdSVfPjXX+vP7upCulZmp/xlcYzfDxKpx1w==}
    dependencies:
      debug: 4.3.4(supports-color@5.5.0)
      marked: 0.7.0
    transitivePeerDependencies:
      - supports-color
    dev: false

  /metalsmith-paths@4.0.6:
    resolution: {integrity: sha512-lPZ+JH0PsOu4LP490/FTdljWwjUZfIcGb80fCq4Ql+Wtx8zDwBelG9nrzdOQpU1LKUBisXT5Ji3aIMoihsHBWw==}
    engines: {node: '>=14'}
    dependencies:
      sinon: 15.2.0
    dev: false

  /metalsmith-renamer@0.5.217:
    resolution: {integrity: sha512-APzCfBUZ6CfgQHRBDDS45HJF7URDu1qwvcYyvpXQwufv7EDIqcUUcaqRg2D1PSuU7DAMF3OJA9bfW+jac2QubA==}
    dependencies:
      minimatch: 3.1.2
    dev: false

  /metalsmith-word-count@0.0.4:
    resolution: {integrity: sha512-7VmjjbR9kQi85bbKlSf18CGiHhnc7dlHQH+KUrt/8ejhvACSIEaY2OUgcuBnP0fWM0IG5mFYVoVqxn9JddrBMw==}
    dependencies:
      cheerio: 0.17.0
      lodash: 2.4.2
    dev: false

  /metalsmith@2.6.3:
    resolution: {integrity: sha512-nql0eDbeDdYY3cz0uDVmwQ/E9XDBAHBf5p3lz+IwZAlUvz72DAd5+F+vl7Fot7I+yQDVK59uB0CL9S+Ts7ELsw==}
    engines: {node: '>=14.18.0'}
    hasBin: true
    requiresBuild: true
    dependencies:
      chokidar: 3.6.0
      commander: 10.0.1
      debug: 4.3.4(supports-color@5.5.0)
      gray-matter: 4.0.3
      is-utf8: 0.2.1
      lodash.clonedeepwith: 4.5.0
      micromatch: 4.0.5
      stat-mode: 1.0.0
      ware: 1.3.0
    transitivePeerDependencies:
      - supports-color
    dev: false

  /micromatch@4.0.5:
    resolution: {integrity: sha512-DMy+ERcEW2q8Z2Po+WNXuw3c5YaUSFjAO5GsJqfEl7UjvtIuFKO6ZrKvcItdy98dwFI2N1tg3zNIdKaQT+aNdA==}
    engines: {node: '>=8.6'}
    dependencies:
      braces: 3.0.2
      picomatch: 2.3.1
    dev: false

  /mime-db@1.25.0:
    resolution: {integrity: sha512-5k547tI4Cy+Lddr/hdjNbBEWBwSl8EBc5aSdKvedav8DReADgWJzcYiktaRIw3GtGC1jjwldXtTzvqJZmtvC7w==}
    engines: {node: '>= 0.6'}
    dev: false

  /mime-types@2.1.13:
    resolution: {integrity: sha512-ryBDp1Z/6X90UvjUK3RksH0IBPM137T7cmg4OgD5wQBojlAiUwuok0QeELkim/72EtcYuNlmbkrcGuxj3Kl0YQ==}
    engines: {node: '>= 0.6'}
    dependencies:
      mime-db: 1.25.0
    dev: false

  /minimatch@0.3.0:
    resolution: {integrity: sha512-WFX1jI1AaxNTZVOHLBVazwTWKaQjoykSzCBNXB72vDTCzopQGtyP91tKdFK5cv1+qMwPyiTu1HqUriqplI8pcA==}
    deprecated: Please update to minimatch 3.0.2 or higher to avoid a RegExp DoS issue
    dependencies:
      lru-cache: 2.7.3
      sigmund: 1.0.1
    dev: false

  /minimatch@3.1.2:
    resolution: {integrity: sha512-J7p63hRiAjw1NDEww1W7i37+ByIrOWO5XQQAzZ3VOcL0PNybwpfmV/N05zFAzwQ9USyEcX6t3UO+K5aqBQOIHw==}
    dependencies:
      brace-expansion: 1.1.11
    dev: false

  /moment@2.29.4:
    resolution: {integrity: sha512-5LC9SOxjSc2HF6vO2CyuTDNivEdoz2IvyJJGj6X8DJ0eFyfszE0QiEd+iXmBvUP3WHxSjFH/vIsA0EN00cgr8w==}
    dev: false

  /ms@2.0.0:
    resolution: {integrity: sha512-Tpp60P6IUJDTuOq/5Z8cdskzJujfwqfOTkrwIwj7IRISpnkJnT6SyJ4PCPnGMoFjC9ddhal5KVIYtAt97ix05A==}
    dev: false

  /ms@2.1.2:
    resolution: {integrity: sha512-sGkPx+VjMtmA6MX27oA4FBFELFCZZ4S4XqeGOXCv68tT+jb3vk/RyaKWP0PTKyWtmLSM0b+adUTEvbs1PEaH2w==}
    dev: false

  /multimatch@2.1.0:
    resolution: {integrity: sha512-0mzK8ymiWdehTBiJh0vClAzGyQbdtyWqzSVx//EK4N/D+599RFlGfTAsKw2zMSABtDG9C6Ul2+t8f2Lbdjf5mA==}
    engines: {node: '>=0.10.0'}
    dependencies:
      array-differ: 1.0.0
      array-union: 1.0.2
      arrify: 1.0.1
      minimatch: 3.1.2
    dev: false

  /nise@5.1.9:
    resolution: {integrity: sha512-qOnoujW4SV6e40dYxJOb3uvuoPHtmLzIk4TFo+j0jPJoC+5Z9xja5qH5JZobEPsa8+YYphMrOSwnrshEhG2qww==}
    dependencies:
      '@sinonjs/commons': 3.0.1
      '@sinonjs/fake-timers': 11.2.2
      '@sinonjs/text-encoding': 0.7.2
      just-extend: 6.2.0
      path-to-regexp: 6.2.2
    dev: false

  /nodemon@3.1.0:
    resolution: {integrity: sha512-xqlktYlDMCepBJd43ZQhjWwMw2obW/JRvkrLxq5RCNcuDDX1DbcPT+qT1IlIIdf+DhnWs90JpTMe+Y5KxOchvA==}
    engines: {node: '>=10'}
    hasBin: true
    dependencies:
      chokidar: 3.6.0
      debug: 4.3.4(supports-color@5.5.0)
      ignore-by-default: 1.0.1
      minimatch: 3.1.2
      pstree.remy: 1.1.8
      semver: 7.6.0
      simple-update-notifier: 2.0.0
      supports-color: 5.5.0
      touch: 3.1.0
      undefsafe: 2.0.5
    dev: false

  /nopt@1.0.10:
    resolution: {integrity: sha512-NWmpvLSqUrgrAC9HCuxEvb+PSloHpqVu+FqcO4eeF2h5qYRhA7ev6KvelyQAKtegUbC6RypJnlEOhd8vloNKYg==}
    hasBin: true
    dependencies:
      abbrev: 1.1.1
    dev: false

  /nopt@2.1.2:
    resolution: {integrity: sha512-x8vXm7BZ2jE1Txrxh/hO74HTuYZQEbo8edoRcANgdZ4+PCV+pbjd/xdummkmjjC7LU5EjPzlu8zEq/oxWylnKA==}
    hasBin: true
    dependencies:
      abbrev: 1.1.1
    dev: false

  /normalize-path@3.0.0:
    resolution: {integrity: sha512-6eZs5Ls3WtCisHWp9S2GUy8dqkpGi4BVSz3GaqiE6ezub0512ESztXUwUB6C6IKbQkY2Pnb/mD4WYojCRwcwLA==}
    engines: {node: '>=0.10.0'}
    dev: false

  /nunjucks@3.2.4:
    resolution: {integrity: sha512-26XRV6BhkgK0VOxfbU5cQI+ICFUtMLixv1noZn1tGU38kQH5A5nmmbk/O45xdyBhD1esk47nKrY0mvQpZIhRjQ==}
    engines: {node: '>= 6.9.0'}
    hasBin: true
    peerDependencies:
      chokidar: ^3.3.0
    peerDependenciesMeta:
      chokidar:
        optional: true
    dependencies:
      a-sync-waterfall: 1.0.1
      asap: 2.0.6
      commander: 5.1.0
    dev: false

  /path-to-regexp@6.2.2:
    resolution: {integrity: sha512-GQX3SSMokngb36+whdpRXE+3f9V8UzyAorlYvOGx87ufGHehNTn5lCxrKtLyZ4Yl/wEKnNnr98ZzOwwDZV5ogw==}
    dev: false

  /picomatch@2.3.1:
    resolution: {integrity: sha512-JU3teHTNjmE2VCGFzuY8EXzCDVwEqB2a8fsIvwaStHhAWJEeVd1o1QD80CU6+ZdEXXSLbSsuLwJjkCBWqRQUVA==}
    engines: {node: '>=8.6'}
    dev: false

  /promise@7.3.1:
    resolution: {integrity: sha512-nolQXZ/4L+bP/UGlkfaIujX9BKxGwmQ9OT4mOt5yvy8iK1h3wqTEJCijzGANTCCl9nWjY41juyAn2K3Q1hLLTg==}
    dependencies:
      asap: 2.0.6
    dev: false

  /pstree.remy@1.1.8:
    resolution: {integrity: sha512-77DZwxQmxKnu3aR542U+X8FypNzbfJ+C5XQDk3uWjWxn6151aIMGthWYRXTqT1E5oJvg+ljaa2OJi+VfvCOQ8w==}
    dev: false

  /read-metadata@1.0.0:
    resolution: {integrity: sha512-XJdiOrkzOlIac9vXNvgp/4I8qj9EPuHlbf/eoX2rusLFjdKjp0TQ82V3cj+AFjXBzzoZ1TaqAtHnGsR3UdO1Gw==}
    dependencies:
      yaml-js: 0.0.8
    dev: false

  /readable-stream@1.1.14:
    resolution: {integrity: sha512-+MeVjFf4L44XUkhM1eYbD8fyEsxcV81pqMSR5gblfcLCHfZvbrqy4/qYHE+/R5HoBUT11WV5O08Cr1n3YXkWVQ==}
    dependencies:
      core-util-is: 1.0.3
      inherits: 2.0.4
      isarray: 0.0.1
      string_decoder: 0.10.31
    dev: false

  /readdirp@3.6.0:
    resolution: {integrity: sha512-hOS089on8RduqdbhvQ5Z37A0ESjsqz6qnRcffsMU3495FuTdqSm+7bhJ29JvIOsBDEEnan5DPu9t3To9VRlMzA==}
    engines: {node: '>=8.10.0'}
    dependencies:
      picomatch: 2.3.1
    dev: false

  /recursive-readdir@1.3.0:
    resolution: {integrity: sha512-xPLahSmi5cp0id46BHffsrWDpU1z0zt2Hl1B8Qn/GQhOv9UGE2u/qQQHwdg+H/Nk3Emx5JYN4fKbmc3XvQA2Lw==}
    engines: {node: '>=0.6.6'}
    dependencies:
      minimatch: 0.3.0
    dev: false

  /require-one@1.0.3:
    resolution: {integrity: sha512-5nXixwgbAZfQ65g7fXv5fDXYRiKByOT1NT3EffS+0W/1MoF+Lkbsly3MXIlPIAgEtspX5fWAbXnp6d4BNMx+xQ==}
    dev: false

  /rss@1.2.2:
    resolution: {integrity: sha512-xUhRTgslHeCBeHAqaWSbOYTydN2f0tAzNXvzh3stjz7QDhQMzdgHf3pfgNIngeytQflrFPfy6axHilTETr6gDg==}
    dependencies:
      mime-types: 2.1.13
      xml: 1.0.1
    dev: false

  /section-matter@1.0.0:
    resolution: {integrity: sha512-vfD3pmTzGpufjScBh50YHKzEu2lxBWhVEHsNGoEXmCmn2hKGfeNLYMzCJpe8cD7gqX7TJluOVpBkAequ6dgMmA==}
    engines: {node: '>=4'}
    dependencies:
      extend-shallow: 2.0.1
      kind-of: 6.0.3
    dev: false

  /semver@7.6.0:
    resolution: {integrity: sha512-EnwXhrlwXMk9gKu5/flx5sv/an57AkRplG3hTK68W7FRDN+k+OWBj65M7719OkA82XLBxrcX0KSHj+X5COhOVg==}
    engines: {node: '>=10'}
    hasBin: true
    dependencies:
      lru-cache: 6.0.0
    dev: false

  /sigmund@1.0.1:
    resolution: {integrity: sha512-fCvEXfh6NWpm+YSuY2bpXb/VIihqWA6hLsgboC+0nl71Q7N7o2eaCW8mJa/NLvQhs6jpd3VZV4UiUQlV6+lc8g==}
    dev: false

  /simple-update-notifier@2.0.0:
    resolution: {integrity: sha512-a2B9Y0KlNXl9u/vsW6sTIu9vGEpfKu2wRV6l1H3XEas/0gUIzGzBoP/IouTcUQbm9JWZLH3COxyn03TYlFax6w==}
    engines: {node: '>=10'}
    dependencies:
      semver: 7.6.0
    dev: false

  /sinon@15.2.0:
    resolution: {integrity: sha512-nPS85arNqwBXaIsFCkolHjGIkFo+Oxu9vbgmBJizLAhqe6P2o3Qmj3KCUoRkfhHtvgDhZdWD3risLHAUJ8npjw==}
    deprecated: 16.1.1
    dependencies:
      '@sinonjs/commons': 3.0.1
      '@sinonjs/fake-timers': 10.3.0
      '@sinonjs/samsam': 8.0.0
      diff: 5.2.0
      nise: 5.1.9
      supports-color: 7.2.0
    dev: false

  /sprintf-js@1.0.3:
    resolution: {integrity: sha512-D9cPgkvLlV3t3IzL0D0YLvGA9Ahk4PcvVwUbN0dSGr1aP0Nrt4AEnTUbuGvquEC0mA64Gqt1fzirlRs5ibXx8g==}
    dev: false

  /stat-mode@0.2.2:
    resolution: {integrity: sha512-o+7DC0OM5Jt3+gratXXqfXf62V/CBoqQbT7Kp7jCxTYW2PLOB2/ZSGIfm9T5/QZe1Vw1MCbu6DoB6JnhVtxcJw==}
    dev: false

  /stat-mode@1.0.0:
    resolution: {integrity: sha512-jH9EhtKIjuXZ2cWxmXS8ZP80XyC3iasQxMDV8jzhNJpfDb7VbQLVW4Wvsxz9QZvzV+G4YoSfBUVKDOyxLzi/sg==}
    engines: {node: '>= 6'}
    dev: false

  /string_decoder@0.10.31:
    resolution: {integrity: sha512-ev2QzSzWPYmy9GuqfIVildA4OdcGLeFZQrq5ys6RtiuF+RQQiZWr8TZNyAcuVXyQRYfEO+MsoB/1BuQVhOJuoQ==}
    dev: false

  /strip-bom-string@1.0.0:
    resolution: {integrity: sha512-uCC2VHvQRYu+lMh4My/sFNmF2klFymLX1wHJeXnbEJERpV/ZsVuonzerjfrGpIGF7LBVa1O7i9kjiWvJiFck8g==}
    engines: {node: '>=0.10.0'}
    dev: false

  /supports-color@5.5.0:
    resolution: {integrity: sha512-QjVjwdXIt408MIiAqCX4oUKsgU2EqAGzs2Ppkm4aQYbjm+ZEWEcW4SfFNTr4uMNZma0ey4f5lgLrkB0aX0QMow==}
    engines: {node: '>=4'}
    dependencies:
      has-flag: 3.0.0
    dev: false

  /supports-color@7.2.0:
    resolution: {integrity: sha512-qpCAvRl9stuOHveKsn7HncJRvv501qIacKzQlO/+Lwxc9+0q2wLyv4Dfvt80/DPn2pqOBsJdDiogXGR9+OvwRw==}
    engines: {node: '>=8'}
    dependencies:
      has-flag: 4.0.0
    dev: false

  /to-regex-range@5.0.1:
    resolution: {integrity: sha512-65P7iz6X5yEr1cwcgvQxbbIw7Uk3gOy5dIdtZ4rDveLqhrdJP+Li/Hx6tyK0NEb+2GCyneCMJiGqrADCSNk8sQ==}
    engines: {node: '>=8.0'}
    dependencies:
      is-number: 7.0.0
    dev: false

  /touch@3.1.0:
    resolution: {integrity: sha512-WBx8Uy5TLtOSRtIq+M03/sKDrXCLHxwDcquSP2c43Le03/9serjQBIztjRz6FkJez9D/hleyAXTBGLwwZUw9lA==}
    hasBin: true
    dependencies:
      nopt: 1.0.10
    dev: false

  /type-detect@4.0.8:
    resolution: {integrity: sha512-0fr/mIH1dlO+x7TlcMy+bIDqKPsw/70tVyeHW787goQjhmqaZe10uwLujubK9q9Lg6Fiho1KUKDYz0Z7k7g5/g==}
    engines: {node: '>=4'}
    dev: false

  /undefsafe@2.0.5:
    resolution: {integrity: sha512-WxONCrssBM8TSPRqN5EmsjVrsv4A8X12J4ArBiiayv3DyyG3ZlIg6yysuuSYdZsVz3TKcTg2fd//Ujd4CHV1iA==}
    dev: false

  /ware@1.3.0:
    resolution: {integrity: sha512-Y2HUDMktriUm+SR2gZWxlrszcgtXExlhQYZ8QJNYbl22jum00KIUcHJ/h/sdAXhWTJcbSkiMYN9Z2tWbWYSrrw==}
    dependencies:
      wrap-fn: 0.1.5
    dev: false

  /wrap-fn@0.1.5:
    resolution: {integrity: sha512-xDLdGx0M8JQw9QDAC9s5NUxtg9MI09F6Vbxa2LYoSoCvzJnx2n81YMIfykmXEGsUvuLaxnblJTzhSOjUOX37ag==}
    dependencies:
      co: 3.1.0
    dev: false

  /xml@1.0.1:
    resolution: {integrity: sha512-huCv9IH9Tcf95zuYCsQraZtWnJvBtLVE0QHMOs8bWyZAFZNDcYjsPq1nEx8jKA9y+Beo9v+7OBPRisQTjinQMw==}
    dev: false

  /yallist@4.0.0:
    resolution: {integrity: sha512-3wdGidZyq5PB084XLES5TpOSRA3wjXAlIWMhum2kRcv/41Sn2emQ0dycQW4uZXLejwKvg6EsvbdlVL+FYEct7A==}
    dev: false

  /yaml-js@0.0.8:
    resolution: {integrity: sha512-XCqDFUhDO3yhT+Rb/inT3uiC8ekx2lXHDgDeXY8V0Lgkx4yEhzhxraYQxtuajydIrx8L8KmF9OeKCDlyCjvnMQ==}
    dev: false
