lockfileVersion: 5.4

specifiers:
  '@metalsmith/collections': ^1.3.0
  '@metalsmith/in-place': ^4.6.0
  '@metalsmith/layouts': ^2.6.0
  jstransformer-markdown: ^1.2.1
  jstransformer-nunjucks: ^0.5.0
  metalsmith: ^2.3.0
  metalsmith-assets: ^0.1.0
  metalsmith-date-formatter: ^1.0.2
  metalsmith-debug: ^1.2.0
  metalsmith-feed: ^1.0.0
  metalsmith-markdown: ^1.3.0
  metalsmith-paths: ^3.0.1
  metalsmith-renamer: ^0.5.85
  metalsmith-word-count: 0.0.4
  nodemon: ^2.0.2

dependencies:
  '@metalsmith/collections': 1.3.0_metalsmith@2.5.1
  '@metalsmith/in-place': 4.6.0_metalsmith@2.5.1
  '@metalsmith/layouts': 2.6.0_metalsmith@2.5.1
  jstransformer-markdown: 1.2.1
  jstransformer-nunjucks: 0.5.0
  metalsmith: 2.5.1
  metalsmith-assets: 0.1.0
  metalsmith-date-formatter: 1.0.2
  metalsmith-debug: 1.2.0
  metalsmith-feed: 1.0.0
  metalsmith-markdown: 1.3.0
  metalsmith-paths: 3.0.1
  metalsmith-renamer: 0.5.217
  metalsmith-word-count: 0.0.4
  nodemon: 2.0.22

packages:

  /@metalsmith/collections/1.3.0_metalsmith@2.5.1:
    resolution: {integrity: sha512-RnTyDeDvlOPQ6/yisUeCVfy4gjPzImW9lDTP9gbQa1I5EAZ6kXrvlSnMxiIqqQ9/VPePv68TOXJRqkancfF2bA==}
    engines: {node: '>=12'}
    peerDependencies:
      metalsmith: ^2.5.0
    dependencies:
      lodash.get: 4.4.2
      metalsmith: 2.5.1
      read-metadata: 1.0.0
    dev: false

  /@metalsmith/in-place/4.6.0_metalsmith@2.5.1:
    resolution: {integrity: sha512-sHXYxG3qJl48xBoiRvGSXtVzXeagUi3TnMTajkTV9LpZ/uaBKbc9MTzcZVeL30uBboNguxXsQzQ3awYzVhKIZg==}
    engines: {node: '>=12'}
    peerDependencies:
      metalsmith: ^2.5.0
    dependencies:
      inputformat-to-jstransformer: 1.4.0
      is-utf8: 0.2.1
      jstransformer: 1.0.0
      metalsmith: 2.5.1
    dev: false

  /@metalsmith/layouts/2.6.0_metalsmith@2.5.1:
    resolution: {integrity: sha512-aJ/gCBI9gVGGDr80UTQL6qdhys6xHwB3YbohtZwmfUnScsdddLkjNawhgidapyNrUf56qyb6DdwqqkHDsh7SRA==}
    engines: {node: '>=12.0.0'}
    peerDependencies:
      metalsmith: ^2.4.1
    dependencies:
      debug: 4.3.4
      inputformat-to-jstransformer: 1.4.0
      is-utf8: 0.2.1
      jstransformer: 1.0.0
      metalsmith: 2.5.1
    transitivePeerDependencies:
      - supports-color
    dev: false

  /CSSselect/0.4.1:
    resolution: {integrity: sha512-r4HWARRbQ6enGbdPCrl3bNybORIcU0AcBLTyaxcWNTRd6EH2/w9RInHkUbUhwehrBFN1KQz+yFulhyIH31ZXAw==}
    deprecated: the module is now available as 'css-select'
    dependencies:
      CSSwhat: 0.4.7
      domutils: 1.4.3
    dev: false

  /CSSwhat/0.4.7:
    resolution: {integrity: sha512-bU5cYG02crjQGDN6wm8USThp/sr/MUulMTrVA1CENSBhv3B+mlJfYDP1em/wJlMT0aYcWso0cuT9NXW74yPfog==}
    deprecated: the module is now available as 'css-what'
    dev: false

  /a-sync-waterfall/1.0.1:
    resolution: {integrity: sha512-RYTOHHdWipFUliRFMCS4X2Yn2X8M87V/OpSqWzKKOGhzqyUxzyVmhHDH9sAvG+ZuQf/TAOFsLCpMw09I1ufUnA==}
    dev: false

  /abbrev/1.1.1:
    resolution: {integrity: sha512-nne9/IiQ/hzIhY6pdDnbBtz7DjPTKrY00P/zvPSm5pOFkl6xuGrGnXn/VtTNNfNtAfZ9/1RtehkszU9qcTii0Q==}
    dev: false

  /anymatch/3.1.3:
    resolution: {integrity: sha512-KMReFUr0B4t+D+OBkjR3KYqvocp2XaSzO55UcB6mgQMd3KbcE+mWTyvVV7D/zsdEbNnV6acZUutkiHQXvTr1Rw==}
    engines: {node: '>= 8'}
    dependencies:
      normalize-path: 3.0.0
      picomatch: 2.3.1
    dev: false

  /argparse/1.0.10:
    resolution: {integrity: sha512-o5Roy6tNG4SL/FOkCAN6RzjiakZS25RLYFrcMttJqbdd8BWrnA+fGz57iN5Pb06pvBGvl5gQ0B48dJlslXvoTg==}
    dependencies:
      sprintf-js: 1.0.3
    dev: false

  /array-differ/1.0.0:
    resolution: {integrity: sha512-LeZY+DZDRnvP7eMuQ6LHfCzUGxAAIViUBliK24P3hWXL6y4SortgR6Nim6xrkfSLlmH0+k+9NYNwVC2s53ZrYQ==}
    engines: {node: '>=0.10.0'}
    dev: false

  /array-union/1.0.2:
    resolution: {integrity: sha512-Dxr6QJj/RdU/hCaBjOfxW+q6lyuVE6JFWIrAUpuOOhoJJoQ99cUn3igRaHVB5P9WrgFVN0FfArM3x0cueOU8ng==}
    engines: {node: '>=0.10.0'}
    dependencies:
      array-uniq: 1.0.3
    dev: false

  /array-uniq/1.0.3:
    resolution: {integrity: sha512-MNha4BWQ6JbwhFhj03YK552f7cb3AzoE8SzeljgChvL1dl3IcvggXVz1DilzySZkCja+CXuZbdW7yATchWn8/Q==}
    engines: {node: '>=0.10.0'}
    dev: false

  /arrify/1.0.1:
    resolution: {integrity: sha512-3CYzex9M9FGQjCGMGyi6/31c8GJbgb0qGyrx5HWxPd0aCwh4cB2YjMb2Xf9UuoogrMrlO9cTqnB5rI5GHZTcUA==}
    engines: {node: '>=0.10.0'}
    dev: false

  /asap/2.0.6:
    resolution: {integrity: sha512-BSHWgDSAiKs50o2Re8ppvp3seVHXSRM44cdSsT9FfNEUUZLOGWVCsiWaRPWM1Znn+mqZ1OfVZ3z3DWEzSp7hRA==}
    dev: false

  /async/0.7.0:
    resolution: {integrity: sha512-9GReTNJtSSP+tNXZhlXuzPrRVlhH7Abwgf9qsV4NVLiChZpzFKvWGIwAss+uOUlsLjEnQbbVX1ERDTpjM5EmQg==}
    dev: false

  /balanced-match/1.0.2:
    resolution: {integrity: sha512-3oSeUO0TMV67hN1AmbXsK4yaqU7tjiHlbxRDZOpH0KW9+CeX4bRAaX0Anxt0tx2MrpRpWwQaPwIlISEJhYU5Pw==}
    dev: false

  /binary-extensions/2.2.0:
    resolution: {integrity: sha512-jDctJ/IVQbZoJykoeHbhXpOlNBqGNcwXJKJog42E5HDPUwQTSdjCHdihjj0DlnheQ7blbT6dHOafNAiS8ooQKA==}
    engines: {node: '>=8'}
    dev: false

  /brace-expansion/1.1.11:
    resolution: {integrity: sha512-iCuPHDFgrHX7H2vEI/5xpz07zSHB00TpugqhmYtVmMO6518mCuRMoOYFldEBl0g187ufozdaHgWKcYFb61qGiA==}
    dependencies:
      balanced-match: 1.0.2
      concat-map: 0.0.1
    dev: false

  /braces/3.0.2:
    resolution: {integrity: sha512-b8um+L1RzM3WDSzvhm6gIz1yfTbBt6YTlcEKAvsmqCZZFw46z626lVj9j1yEPW33H5H+lBQpZMP1k8l+78Ha0A==}
    engines: {node: '>=8'}
    dependencies:
      fill-range: 7.0.1
    dev: false

  /cheerio/0.17.0:
    resolution: {integrity: sha512-pakQLw14btS8T4+Q3dgFbe7x447hjsQeEhMJ2kHg8YrOLSmKS0xGl9REnz/eic7dsxS0S9kMRbZcsqrlMAS0dQ==}
    engines: {node: '>= 0.6'}
    dependencies:
      CSSselect: 0.4.1
      dom-serializer: 0.0.1
      entities: 1.1.2
      htmlparser2: 3.7.3
      lodash: 2.4.2
    dev: false

  /chokidar/3.5.3:
    resolution: {integrity: sha512-Dr3sfKRP6oTcjf2JmUmFJfeVMvXBdegxB0iVQ5eb2V10uFJUCAS8OByZdVAyVb8xXNz3GjjTgj9kLWsZTqE6kw==}
    engines: {node: '>= 8.10.0'}
    dependencies:
      anymatch: 3.1.3
      braces: 3.0.2
      glob-parent: 5.1.2
      is-binary-path: 2.1.0
      is-glob: 4.0.3
      normalize-path: 3.0.0
      readdirp: 3.6.0
    optionalDependencies:
      fsevents: 2.3.2
    dev: false

  /co/3.1.0:
    resolution: {integrity: sha512-CQsjCRiNObI8AtTsNIBDRMQ4oMR83CzEswHYahClvul7gKk+lDQiOKv+5qh7LQWf5sh6jkZNispz/QlsZxyNgA==}
    dev: false

  /commander/5.1.0:
    resolution: {integrity: sha512-P0CysNDQ7rtVw4QIQtm+MRxV66vKFSvlsQvGYXZWR3qFU0jlMKHZZZgw8e+8DSah4UDKMqnknRDQz+xuQXQ/Zg==}
    engines: {node: '>= 6'}
    dev: false

  /commander/6.2.1:
    resolution: {integrity: sha512-U7VdrJFnJgo4xjrHpTzu0yrHPGImdsmD95ZlgYSEajAn2JKzDhDTPG9kBTefmObL2w/ngeZnilk+OV9CG3d7UA==}
    engines: {node: '>= 6'}
    dev: false

  /concat-map/0.0.1:
    resolution: {integrity: sha512-/Srv4dswyQNBfohGpz9o6Yb3Gz3SrUDqBH5rTuhGR7ahtlbYKnVxw2bCFMRljaA7EXHaXZ8wsHdodFvbkhKmqg==}
    dev: false

  /core-util-is/1.0.3:
    resolution: {integrity: sha512-ZQBvi1DcpJ4GDqanjucZ2Hj3wEO5pZDS89BWbkcrvdxksJorwUDDZamX9ldFkp9aw2lmBDLgkObEA4DWNJ9FYQ==}
    dev: false

  /cross-spawn/7.0.3:
    resolution: {integrity: sha512-iRDPJKUPVEND7dHPO8rkbOnPpyDygcDFtWjpeWNCgy8WP2rXcxXL8TskReQl6OrB2G7+UJrags1q15Fudc7G6w==}
    engines: {node: '>= 8'}
    dependencies:
      path-key: 3.1.1
      shebang-command: 2.0.0
      which: 2.0.2
    dev: false

  /debug/0.8.1:
    resolution: {integrity: sha512-HlXEJm99YsRjLJ8xmuz0Lq8YUwrv7hAJkTEr6/Em3sUlSUNl0UdFA+1SrY4fnykeq1FVkUEUtwRGHs9VvlYbGA==}
    peerDependencies:
      supports-color: '*'
    peerDependenciesMeta:
      supports-color:
        optional: true
    dev: false

  /debug/2.6.9:
    resolution: {integrity: sha512-bC7ElrdJaJnPbAP+1EotYvqZsb3ecl5wi6Bfi6BJTUcNowp6cvspg0jXznRTKDjm/E7AdgFBVeAPVMNcKGsHMA==}
    peerDependencies:
      supports-color: '*'
    peerDependenciesMeta:
      supports-color:
        optional: true
    dependencies:
      ms: 2.0.0
    dev: false

  /debug/3.2.7_supports-color@5.5.0:
    resolution: {integrity: sha512-CFjzYYAi4ThfiQvizrFQevTTXHtnCqWfe7x1AhgEscTz6ZbLbfoLRLPugTQyBth6f8ZERVUSyWHFD/7Wu4t1XQ==}
    peerDependencies:
      supports-color: '*'
    peerDependenciesMeta:
      supports-color:
        optional: true
    dependencies:
      ms: 2.1.3
      supports-color: 5.5.0
    dev: false

  /debug/4.3.4:
    resolution: {integrity: sha512-PRWFHuSU3eDtQJPvnNY7Jcket1j0t5OuOsFzPPzsekD52Zl8qUfFIPEiswXqIvHWGVHOgX+7G/vCNNhehwxfkQ==}
    engines: {node: '>=6.0'}
    peerDependencies:
      supports-color: '*'
    peerDependenciesMeta:
      supports-color:
        optional: true
    dependencies:
      ms: 2.1.2
    dev: false

  /dom-serializer/0.0.1:
    resolution: {integrity: sha512-evvizoLtT5uMpDT3iKRAx1NmTCk2ZdOD7ATqmL27QJkCv8XQmGKv/eFuvAjHhySNBACREAcXGBqozYhV1dOdag==}
    dependencies:
      domelementtype: 1.1.3
      entities: 1.1.2
    dev: false

  /domelementtype/1.1.3:
    resolution: {integrity: sha512-zEvAAsFY0DeHkrqWBRkSsmgaE7yADgpez40JUFjISb+uzSinl2F6QbG4lMEBE4P06gCGF6VnsykmbNgu7ZIHzA==}
    dev: false

  /domelementtype/1.3.1:
    resolution: {integrity: sha512-BSKB+TSpMpFI/HOxCNr1O8aMOTZ8hT3pM3GQ0w/mWRmkhEDSFJkkyzz4XQsBV44BChwGkrDfMyjVD0eA2aFV3w==}
    dev: false

  /domhandler/2.2.1:
    resolution: {integrity: sha512-MFFBQFGkyTuNe3vL9WEw9JdlCwIoBYpOGESLeZAvc/jClYNsOl6P1KzevJbWg76GovdEycfR7/2/Ra7NnqtMKw==}
    dependencies:
      domelementtype: 1.3.1
    dev: false

  /domutils/1.4.3:
    resolution: {integrity: sha512-ZkVgS/PpxjyJMb+S2iVHHEZjVnOUtjGp0/zstqKGTE9lrZtNHlNQmLwP/lhLMEApYbzc08BKMx9IFpKhaSbW1w==}
    dependencies:
      domelementtype: 1.3.1
    dev: false

  /domutils/1.5.1:
    resolution: {integrity: sha512-gSu5Oi/I+3wDENBsOWBiRK1eoGxcywYSqg3rR960/+EfY0CF4EX1VPkgHOZ3WiS/Jg2DtliF6BhWcHlfpYUcGw==}
    dependencies:
      dom-serializer: 0.0.1
      domelementtype: 1.3.1
    dev: false

  /entities/1.0.0:
    resolution: {integrity: sha512-LbLqfXgJMmy81t+7c14mnulFHJ170cM6E+0vMXR9k/ZiZwgX8i5pNgjTCX3SO4VeUsFLV+8InixoretwU+MjBQ==}
    dev: false

  /entities/1.1.2:
    resolution: {integrity: sha512-f2LZMYl1Fzu7YSBKg+RoROelpOaNrcGmE9AZubeDfrCEia483oW4MI4VyFd5VNHIgQ/7qm1I0wUHK1eJnn2y2w==}
    dev: false

  /esprima/4.0.1:
    resolution: {integrity: sha512-eGuFFw7Upda+g4p+QHvnW0RyTX/SVeJBDM/gCtMARO0cLuT2HcEKnTPvhjV6aGeqrCB/sbNop0Kszm0jsaWU4A==}
    engines: {node: '>=4'}
    hasBin: true
    dev: false

  /extend-shallow/2.0.1:
    resolution: {integrity: sha512-zCnTtlxNoAiDc3gqY2aYAWFx7XWWiasuF2K8Me5WbN8otHKTUKBwjPtNpRs/rbUZm7KxWAaNj7P1a/p52GbVug==}
    engines: {node: '>=0.10.0'}
    dependencies:
      is-extendable: 0.1.1
    dev: false

  /extend/3.0.2:
    resolution: {integrity: sha512-fjquC59cD7CyW6urNXK0FBufkZcoiGG80wTuPujX590cB5Ttln20E2UB4S/WARVqhXffZl2LNgS+gQdPIIim/g==}
    dev: false

  /fill-range/7.0.1:
    resolution: {integrity: sha512-qOo9F+dMUmC2Lcb4BbVvnKJxTPjCm+RRpe4gDuGrzkL7mEVl/djYSu2OdQ2Pa302N4oqkSg9ir6jaLWJ2USVpQ==}
    engines: {node: '>=8'}
    dependencies:
      to-regex-range: 5.0.1
    dev: false

  /fs.realpath/1.0.0:
    resolution: {integrity: sha512-OO0pH2lK6a0hZnAdau5ItzHPI6pUlvI7jMVnxUQRtw4owF2wk8lOSabtGDCTP4Ggrg2MbGnWO9X8K1t4+fGMDw==}
    dev: false

  /fsevents/2.3.2:
    resolution: {integrity: sha512-xiqMQR4xAeHTuB9uWm+fFRcIOgKBMiOBP+eXiyT7jsgVCq1bkVygt00oASowB7EdtpOHaaPgKt812P9ab+DDKA==}
    engines: {node: ^8.16.0 || ^10.6.0 || >=11.0.0}
    os: [darwin]
    requiresBuild: true
    dev: false
    optional: true

  /glob-parent/5.1.2:
    resolution: {integrity: sha512-AOIgSQCepiJYwP3ARnGx+5VnTu2HBYdzbGP45eLw1vr3zB3vZLeyed1sC9hnbcOc9/SrMyM5RPQrkGz4aS9Zow==}
    engines: {node: '>= 6'}
    dependencies:
      is-glob: 4.0.3
    dev: false

  /glob/7.2.3:
    resolution: {integrity: sha512-nFR0zLpU2YCaRxwoCJvL6UvCH2JFyFVIvwTLsIf21AuHlMskA1hhTdk+LlYJtOlYt9v6dvszD2BGRqBL+iQK9Q==}
    dependencies:
      fs.realpath: 1.0.0
      inflight: 1.0.6
      inherits: 2.0.4
      minimatch: 3.1.2
      once: 1.4.0
      path-is-absolute: 1.0.1
    dev: false

  /gray-matter/4.0.3:
    resolution: {integrity: sha512-5v6yZd4JK3eMI3FqqCouswVqwugaA9r4dNZB1wwcmrD02QkV5H0y7XBQW8QwQqEaZY1pM9aqORSORhJRdNK44Q==}
    engines: {node: '>=6.0'}
    dependencies:
      js-yaml: 3.14.1
      kind-of: 6.0.3
      section-matter: 1.0.0
      strip-bom-string: 1.0.0
    dev: false

  /has-flag/3.0.0:
    resolution: {integrity: sha512-sKJf1+ceQBr4SMkvQnBDNDtf4TXpVhVGateu0t918bl30FnbE2m4vNLX+VWe/dpjlb+HugGYzW7uQXH98HPEYw==}
    engines: {node: '>=4'}
    dev: false

  /htmlparser2/3.7.3:
    resolution: {integrity: sha512-XdyuCBH3/tTuRTCMFolbj5stKZek8FK7KVXm+aHYivHmXVo18jINvc2jR5zgFkp//z2KWl5vppTJ4DWhltYruA==}
    dependencies:
      domelementtype: 1.3.1
      domhandler: 2.2.1
      domutils: 1.5.1
      entities: 1.0.0
      readable-stream: 1.1.14
    dev: false

  /ignore-by-default/1.0.1:
    resolution: {integrity: sha512-Ius2VYcGNk7T90CppJqcIkS5ooHUZyIQK+ClZfMfMNFEF9VSE73Fq+906u/CWu92x4gzZMWOwfFYckPObzdEbA==}
    dev: false

  /inflight/1.0.6:
    resolution: {integrity: sha512-k92I/b08q4wvFscXCLvqfsHCrjrF7yiXsQuIVvVE7N82W3+aqpzuUdBbfhWcy/FZR3/4IgflMgKLOsvPDrGCJA==}
    dependencies:
      once: 1.4.0
      wrappy: 1.0.2
    dev: false

  /inherits/2.0.4:
    resolution: {integrity: sha512-k/vGaX4/Yla3WzyMCvTQOXYeIHvqOKtnqBduzTHpzpQZzAskKMhZ2K+EnBiSM9zGSoIFeMpXKxa4dYeZIQqewQ==}
    dev: false

  /inputformat-to-jstransformer/1.4.0:
    resolution: {integrity: sha512-Ub+Wjb0mjaND4IS/GDvQ+TEyd1i9U4OdrF58mBY7QTYu8CK5K34DPV7mrvo/WQBJLj7UJWQc7QAmFb7CbQ5lLw==}
    engines: {node: '>=4'}
    dependencies:
      require-one: 1.0.3
    dev: false

  /is-binary-path/2.1.0:
    resolution: {integrity: sha512-ZMERYes6pDydyuGidse7OsHxtbI7WVeUEozgR/g7rd0xUimYNlvZRE/K2MgZTjWy725IfelLeVcEM97mmtRGXw==}
    engines: {node: '>=8'}
    dependencies:
      binary-extensions: 2.2.0
    dev: false

  /is-extendable/0.1.1:
    resolution: {integrity: sha512-5BMULNob1vgFX6EjQw5izWDxrecWK9AM72rugNr0TFldMOi0fj6Jk+zeKIt0xGj4cEfQIJth4w3OKWOJ4f+AFw==}
    engines: {node: '>=0.10.0'}
    dev: false

  /is-extglob/2.1.1:
    resolution: {integrity: sha512-SbKbANkN603Vi4jEZv49LeVJMn4yGwsbzZworEoyEiutsN3nJYdbO36zfhGJ6QEDpOZIFkDtnq5JRxmvl3jsoQ==}
    engines: {node: '>=0.10.0'}
    dev: false

  /is-glob/4.0.3:
    resolution: {integrity: sha512-xelSayHH36ZgE7ZWhli7pW34hNbNl8Ojv5KVmkJD4hBdD3th8Tfk9vYasLM+mXWOZhFkgZfxhLSnrwRr4elSSg==}
    engines: {node: '>=0.10.0'}
    dependencies:
      is-extglob: 2.1.1
    dev: false

  /is-number/7.0.0:
    resolution: {integrity: sha512-41Cifkg6e8TylSpdtTpeLVMqvSBEVzTttHvERD741+pnZ8ANv0004MRL43QKPDlK9cGvNp6NZWZUBlbGXYxxng==}
    engines: {node: '>=0.12.0'}
    dev: false

  /is-promise/2.2.2:
    resolution: {integrity: sha512-+lP4/6lKUBfQjZ2pdxThZvLUAafmZb8OAxFb8XXtiQmS35INgr85hdOGoEs124ez1FCnZJt6jau/T+alh58QFQ==}
    dev: false

  /is-utf8/0.2.1:
    resolution: {integrity: sha512-rMYPYvCzsXywIsldgLaSoPlw5PfoB/ssr7hY4pLfcodrA5M/eArza1a9VmTiNIBNMjOGr1Ow9mTyU2o69U6U9Q==}
    dev: false

  /isarray/0.0.1:
    resolution: {integrity: sha512-D2S+3GLxWH+uhrNEcoh/fnmYeP8E8/zHl644d/jdA0g2uyXvy3sb0qxotE+ne0LtccHknQzWwZEzhak7oJ0COQ==}
    dev: false

  /isexe/2.0.0:
    resolution: {integrity: sha512-RHxMLp9lnKHGHRng9QFhRCMbYAcVpn69smSGcq3f36xjgVVWThj4qqLbTLlq7Ssj8B+fIQ1EuCEGI2lKsyQeIw==}
    dev: false

  /js-yaml/3.14.1:
    resolution: {integrity: sha512-okMH7OXXJ7YrN9Ok3/SXrnu4iX9yOk+25nqX4imS2npuvTYDmo/QEZoqwZkYaIDk3jVvBOTOIEgEhaLOynBS9g==}
    hasBin: true
    dependencies:
      argparse: 1.0.10
      esprima: 4.0.1
    dev: false

  /jstransformer-markdown/1.2.1:
    resolution: {integrity: sha512-rNLxNC3LIGAc26Qcro73eWoosKymqyNVDn909KIq2QHVHGWZ+d+JzOCrHsmUt3DNAKF+hkJQJ1JufAhFEdZ5gw==}
    engines: {node: '>=4'}
    dependencies:
      markdown: 0.5.0
    dev: false

  /jstransformer-nunjucks/0.5.0:
    resolution: {integrity: sha512-EDngRC9A3HjrL5hnqGDiGq48PS1wrPeXcUG8a/J2VJkvZw0+EDk5klE9kqaSi5cbOMJOeiBsvf2XKnYhvdxM5g==}
    engines: {node: '>=4'}
    dependencies:
      extend-shallow: 2.0.1
      nunjucks: 3.2.3
    transitivePeerDependencies:
      - chokidar
    dev: false

  /jstransformer/1.0.0:
    resolution: {integrity: sha512-C9YK3Rf8q6VAPDCCU9fnqo3mAfOH6vUGnMcP4AQAYIEpWtfGLpwOTmZ+igtdK5y+VvI2n3CyYSzy4Qh34eq24A==}
    dependencies:
      is-promise: 2.2.2
      promise: 7.3.1
    dev: false

  /kind-of/6.0.3:
    resolution: {integrity: sha512-dcS1ul+9tmeD95T+x28/ehLgd9mENa3LsvDTtzm3vyBEO7RPptvAD+t44WVXaUjTBRcrpFeFlC8WCruUR456hw==}
    engines: {node: '>=0.10.0'}
    dev: false

  /lodash._arrayeach/3.0.0:
    resolution: {integrity: sha512-Mn7HidOVcl3mkQtbPsuKR0Fj0N6Q6DQB77CtYncZcJc0bx5qv2q4Gl6a0LC1AN+GSxpnBDNnK3CKEm9XNA4zqQ==}
    dev: false

  /lodash._basecallback/3.3.1:
    resolution: {integrity: sha512-LQffghuO63ufDY33KKO1ezGKbcFZK3ngYV7JpxaUomoM5acf0YeXU3Pm8csVE0girVs50TXzfNibl69Co3ggJA==}
    dependencies:
      lodash._baseisequal: 3.0.7
      lodash._bindcallback: 3.0.1
      lodash.isarray: 3.0.4
      lodash.pairs: 3.0.1
    dev: false

  /lodash._basecreate/3.0.3:
    resolution: {integrity: sha512-EDem6C9iQpn7fxnGdmhXmqYGjCkStmDXT4AeyB2Ph8WKbglg4aJZczNkQglj+zWXcOEEkViK8THuV2JvugW47g==}
    dev: false

  /lodash._basefor/3.0.3:
    resolution: {integrity: sha512-6bc3b8grkpMgDcVJv9JYZAk/mHgcqMljzm7OsbmcE2FGUMmmLQTPHlh/dFqR8LA0GQ7z4K67JSotVKu5058v1A==}
    dev: false

  /lodash._baseisequal/3.0.7:
    resolution: {integrity: sha512-U+3GsNEZj9ebI03ncLC2pLmYVjgtYZEwdkAPO7UGgtGvAz36JVFPAQUufpSaVL93Cz5arc6JGRKZRhaOhyVJYA==}
    dependencies:
      lodash.isarray: 3.0.4
      lodash.istypedarray: 3.0.6
      lodash.keys: 3.1.2
    dev: false

  /lodash._bindcallback/3.0.1:
    resolution: {integrity: sha512-2wlI0JRAGX8WEf4Gm1p/mv/SZ+jLijpj0jyaE/AXeuQphzCgD8ZQW4oSpoN8JAopujOFGU3KMuq7qfHBWlGpjQ==}
    dev: false

  /lodash._getnative/3.9.1:
    resolution: {integrity: sha512-RrL9VxMEPyDMHOd9uFbvMe8X55X16/cGM5IgOKgRElQZutpX89iS6vwl64duTV1/16w5JY7tuFNXqoekmh1EmA==}
    dev: false

  /lodash.get/4.4.2:
    resolution: {integrity: sha512-z+Uw/vLuy6gQe8cfaFWD7p0wVv8fJl3mbzXh33RS+0oW2wvUqiRXiQ69gLWSLpgB5/6sU+r6BlQR0MBILadqTQ==}
    dev: false

  /lodash.isarguments/3.1.0:
    resolution: {integrity: sha512-chi4NHZlZqZD18a0imDHnZPrDeBbTtVN7GXMwuGdRH9qotxAjYs3aVLKc7zNOG9eddR5Ksd8rvFEBc9SsggPpg==}
    dev: false

  /lodash.isarray/3.0.4:
    resolution: {integrity: sha512-JwObCrNJuT0Nnbuecmqr5DgtuBppuCvGD9lxjFpAzwnVtdGoDQ1zig+5W8k5/6Gcn0gZ3936HDAlGd28i7sOGQ==}
    dev: false

  /lodash.isempty/3.0.4:
    resolution: {integrity: sha512-EBXf5c6dJX/YZvNqqdNlR1cFfGxPTih+jw4idJ9Iib3L2H9PHX190YWrg4g4Kjr7flNFlcAsXWWEYZhTGHNacw==}
    dependencies:
      lodash.isarguments: 3.1.0
      lodash.isarray: 3.0.4
      lodash.isfunction: 3.0.9
      lodash.isstring: 3.0.1
      lodash.keys: 3.1.2
    dev: false

  /lodash.isfunction/3.0.9:
    resolution: {integrity: sha512-AirXNj15uRIMMPihnkInB4i3NHeb4iBtNg9WRWuK2o31S+ePwwNmDPaTL3o7dTJ+VXNZim7rFs4rxN4YU1oUJw==}
    dev: false

  /lodash.isstring/3.0.1:
    resolution: {integrity: sha512-UiX/KDS9ryxRpGR1q6zSwV9LxsG6PbN3OCD73O48JiRfG1z0cG3LCl3X9AEEdluRNuxduz1u94rS6BW9vSl9Vw==}
    dev: false

  /lodash.istypedarray/3.0.6:
    resolution: {integrity: sha512-lGWJ6N8AA3KSv+ZZxlTdn4f6A7kMfpJboeyvbFdE7IU9YAgweODqmOgdUHOA+c6lVWeVLysdaxciFXi+foVsWw==}
    dev: false

  /lodash.keys/3.1.2:
    resolution: {integrity: sha512-CuBsapFjcubOGMn3VD+24HOAPxM79tH+V6ivJL3CHYjtrawauDJHUk//Yew9Hvc6e9rbCrURGk8z6PC+8WJBfQ==}
    dependencies:
      lodash._getnative: 3.9.1
      lodash.isarguments: 3.1.0
      lodash.isarray: 3.0.4
    dev: false

  /lodash.pairs/3.0.1:
    resolution: {integrity: sha512-lgXvpU43ZNQrZ/pK2cR97YzKeAno3e3HhcyvLKsofljeHKrQcZhT1vW7fg4X61c92tM+mjD/DypoLZYuAKNIkQ==}
    dependencies:
      lodash.keys: 3.1.2
    dev: false

  /lodash.transform/3.0.4:
    resolution: {integrity: sha512-zYfIHAMTvacrHBeh2ihCdDcFEWzAlft2orIyFkAL/fjMR4LxnnY5RoxUTMRdzU1I1t4GufDjyLBOQUCPmd08iw==}
    dependencies:
      lodash._arrayeach: 3.0.0
      lodash._basecallback: 3.3.1
      lodash._basecreate: 3.0.3
      lodash._basefor: 3.0.3
      lodash.isarray: 3.0.4
      lodash.isfunction: 3.0.9
      lodash.istypedarray: 3.0.6
      lodash.keys: 3.1.2
    dev: false

  /lodash/2.4.2:
    resolution: {integrity: sha512-Kak1hi6/hYHGVPmdyiZijoQyz5x2iGVzs6w9GYB/HiXEtylY7tIoYEROMjvM1d9nXJqPOrG2MNPMn01bJ+S0Rw==}
    engines: {'0': node, '1': rhino}
    dev: false

  /lru-cache/2.7.3:
    resolution: {integrity: sha512-WpibWJ60c3AgAz8a2iYErDrcT2C7OmKnsWhIcHOjkUHFjkXncJhtLxNSqUmxRxRunpb5I8Vprd7aNSd2NtksJQ==}
    dev: false

  /markdown/0.5.0:
    resolution: {integrity: sha512-ctGPIcuqsYoJ493sCtFK7H4UEgMWAUdXeBhPbdsg1W0LsV9yJELAHRsMmWfTgao6nH0/x5gf9FmsbxiXnrgaIQ==}
    hasBin: true
    dependencies:
      nopt: 2.1.2
    dev: false

  /marked/0.7.0:
    resolution: {integrity: sha512-c+yYdCZJQrsRjTPhUx7VKkApw9bwDkNbHUKo1ovgcfDjb2kc8rLuRbIFyXL5WOEUwzSSKo3IXpph2K6DqB/KZg==}
    engines: {node: '>=0.10.0'}
    hasBin: true
    dev: false

  /merge/1.2.1:
    resolution: {integrity: sha512-VjFo4P5Whtj4vsLzsYBu5ayHhoHJ0UqNm7ibvShmbmoz7tGi0vXaoJbGdB+GmDMLUdg8DpQXEIeVDAe8MaABvQ==}
    dev: false

  /metalsmith-assets/0.1.0:
    resolution: {integrity: sha512-8IthU+5ZWmE2e520oARuHXl3p7A2+1qpo8xrYKZy8tTzX8a1PVzQjOv8O9AzyWoXbHsCuAlWMGvKmHbcr+QnYw==}
    dependencies:
      async: 0.7.0
      debug: 0.8.1
      merge: 1.2.1
      recursive-readdir: 1.3.0
      stat-mode: 0.2.2
    transitivePeerDependencies:
      - supports-color
    dev: false

  /metalsmith-date-formatter/1.0.2:
    resolution: {integrity: sha512-s010/SJEvSPSPveSMBxdLlhG+HbacLP51w9u8oboAZVuEL6F7v9vgiYWVBFFs8OoBPCrhN+Wn20geJt7kF0LWw==}
    dependencies:
      lodash.isarray: 3.0.4
      lodash.isempty: 3.0.4
      lodash.isstring: 3.0.1
      lodash.transform: 3.0.4
      moment: 2.29.4
    dev: false

  /metalsmith-debug/1.2.0:
    resolution: {integrity: sha512-tLd3pce0ENniCLnrzsWUOMiFDk5yxzumgVjamTjJaButh5xhF/uwxNYmpDUItXxRfNaX4i1VRqSkIriRoHdHOQ==}
    dependencies:
      debug: 2.6.9
      multimatch: 2.1.0
    transitivePeerDependencies:
      - supports-color
    dev: false

  /metalsmith-feed/1.0.0:
    resolution: {integrity: sha512-FoBM1g5qkaN0EhxxRk4GaUAFENTbHXauxtMSVEb7KZT3mUxWPIsFtNL+YS4DnWwOsH1HF0YUROPuofqNM5tY5Q==}
    dependencies:
      extend: 3.0.2
      rss: 1.2.2
    dev: false

  /metalsmith-markdown/1.3.0:
    resolution: {integrity: sha512-wStYRbJIYwNTDtHmVfb6RjNfFB+DkloIoQr600pXT2QRnbqMsdnAdSVfPjXX+vP7upCulZmp/xlcYzfDxKpx1w==}
    dependencies:
      debug: 4.3.4
      marked: 0.7.0
    transitivePeerDependencies:
      - supports-color
    dev: false

  /metalsmith-paths/3.0.1:
    resolution: {integrity: sha512-zmbkX4sKa8EHgP1C9/l3UgqUIwmnwFdrHWLrQaCJw7ewjiw/hclVgAnspCT5BfmhNacTmvC5SxUl8jNHGrPTrQ==}
    engines: {node: '>=4'}
    dev: false

  /metalsmith-renamer/0.5.217:
    resolution: {integrity: sha512-APzCfBUZ6CfgQHRBDDS45HJF7URDu1qwvcYyvpXQwufv7EDIqcUUcaqRg2D1PSuU7DAMF3OJA9bfW+jac2QubA==}
    dependencies:
      minimatch: 3.1.2
    dev: false

  /metalsmith-word-count/0.0.4:
    resolution: {integrity: sha512-7VmjjbR9kQi85bbKlSf18CGiHhnc7dlHQH+KUrt/8ejhvACSIEaY2OUgcuBnP0fWM0IG5mFYVoVqxn9JddrBMw==}
    dependencies:
      cheerio: 0.17.0
      lodash: 2.4.2
    dev: false

  /metalsmith/2.5.1:
    resolution: {integrity: sha512-/jpf9JXYAvA16VlJDRlZRktcsjTgMHDwusiNLo1byU7ocUNWm2F7zQukrVtBslNNNi1gWnXbcxTINYdsi5zrAA==}
    engines: {node: '>=12'}
    hasBin: true
    requiresBuild: true
    dependencies:
      commander: 6.2.1
      cross-spawn: 7.0.3
      debug: 4.3.4
      gray-matter: 4.0.3
      is-utf8: 0.2.1
      micromatch: 4.0.5
      rimraf: 3.0.2
      stat-mode: 1.0.0
      ware: 1.3.0
    transitivePeerDependencies:
      - supports-color
    dev: false

  /micromatch/4.0.5:
    resolution: {integrity: sha512-DMy+ERcEW2q8Z2Po+WNXuw3c5YaUSFjAO5GsJqfEl7UjvtIuFKO6ZrKvcItdy98dwFI2N1tg3zNIdKaQT+aNdA==}
    engines: {node: '>=8.6'}
    dependencies:
      braces: 3.0.2
      picomatch: 2.3.1
    dev: false

  /mime-db/1.25.0:
    resolution: {integrity: sha512-5k547tI4Cy+Lddr/hdjNbBEWBwSl8EBc5aSdKvedav8DReADgWJzcYiktaRIw3GtGC1jjwldXtTzvqJZmtvC7w==}
    engines: {node: '>= 0.6'}
    dev: false

  /mime-types/2.1.13:
    resolution: {integrity: sha512-ryBDp1Z/6X90UvjUK3RksH0IBPM137T7cmg4OgD5wQBojlAiUwuok0QeELkim/72EtcYuNlmbkrcGuxj3Kl0YQ==}
    engines: {node: '>= 0.6'}
    dependencies:
      mime-db: 1.25.0
    dev: false

  /minimatch/0.3.0:
    resolution: {integrity: sha512-WFX1jI1AaxNTZVOHLBVazwTWKaQjoykSzCBNXB72vDTCzopQGtyP91tKdFK5cv1+qMwPyiTu1HqUriqplI8pcA==}
    deprecated: Please update to minimatch 3.0.2 or higher to avoid a RegExp DoS issue
    dependencies:
      lru-cache: 2.7.3
      sigmund: 1.0.1
    dev: false

  /minimatch/3.1.2:
    resolution: {integrity: sha512-J7p63hRiAjw1NDEww1W7i37+ByIrOWO5XQQAzZ3VOcL0PNybwpfmV/N05zFAzwQ9USyEcX6t3UO+K5aqBQOIHw==}
    dependencies:
      brace-expansion: 1.1.11
    dev: false

  /moment/2.29.4:
    resolution: {integrity: sha512-5LC9SOxjSc2HF6vO2CyuTDNivEdoz2IvyJJGj6X8DJ0eFyfszE0QiEd+iXmBvUP3WHxSjFH/vIsA0EN00cgr8w==}
    dev: false

  /ms/2.0.0:
    resolution: {integrity: sha512-Tpp60P6IUJDTuOq/5Z8cdskzJujfwqfOTkrwIwj7IRISpnkJnT6SyJ4PCPnGMoFjC9ddhal5KVIYtAt97ix05A==}
    dev: false

  /ms/2.1.2:
    resolution: {integrity: sha512-sGkPx+VjMtmA6MX27oA4FBFELFCZZ4S4XqeGOXCv68tT+jb3vk/RyaKWP0PTKyWtmLSM0b+adUTEvbs1PEaH2w==}
    dev: false

  /ms/2.1.3:
    resolution: {integrity: sha512-6FlzubTLZG3J2a/NVCAleEhjzq5oxgHyaCU9yYXvcLsvoVaHJq/s5xXI6/XXP6tz7R9xAOtHnSO/tXtF3WRTlA==}
    dev: false

  /multimatch/2.1.0:
    resolution: {integrity: sha512-0mzK8ymiWdehTBiJh0vClAzGyQbdtyWqzSVx//EK4N/D+599RFlGfTAsKw2zMSABtDG9C6Ul2+t8f2Lbdjf5mA==}
    engines: {node: '>=0.10.0'}
    dependencies:
      array-differ: 1.0.0
      array-union: 1.0.2
      arrify: 1.0.1
      minimatch: 3.1.2
    dev: false

  /nodemon/2.0.22:
    resolution: {integrity: sha512-B8YqaKMmyuCO7BowF1Z1/mkPqLk6cs/l63Ojtd6otKjMx47Dq1utxfRxcavH1I7VSaL8n5BUaoutadnsX3AAVQ==}
    engines: {node: '>=8.10.0'}
    hasBin: true
    dependencies:
      chokidar: 3.5.3
      debug: 3.2.7_supports-color@5.5.0
      ignore-by-default: 1.0.1
      minimatch: 3.1.2
      pstree.remy: 1.1.8
      semver: 5.7.1
      simple-update-notifier: 1.1.0
      supports-color: 5.5.0
      touch: 3.1.0
      undefsafe: 2.0.5
    dev: false

  /nopt/1.0.10:
    resolution: {integrity: sha512-NWmpvLSqUrgrAC9HCuxEvb+PSloHpqVu+FqcO4eeF2h5qYRhA7ev6KvelyQAKtegUbC6RypJnlEOhd8vloNKYg==}
    hasBin: true
    dependencies:
      abbrev: 1.1.1
    dev: false

  /nopt/2.1.2:
    resolution: {integrity: sha512-x8vXm7BZ2jE1Txrxh/hO74HTuYZQEbo8edoRcANgdZ4+PCV+pbjd/xdummkmjjC7LU5EjPzlu8zEq/oxWylnKA==}
    hasBin: true
    dependencies:
      abbrev: 1.1.1
    dev: false

  /normalize-path/3.0.0:
    resolution: {integrity: sha512-6eZs5Ls3WtCisHWp9S2GUy8dqkpGi4BVSz3GaqiE6ezub0512ESztXUwUB6C6IKbQkY2Pnb/mD4WYojCRwcwLA==}
    engines: {node: '>=0.10.0'}
    dev: false

  /nunjucks/3.2.3:
    resolution: {integrity: sha512-psb6xjLj47+fE76JdZwskvwG4MYsQKXUtMsPh6U0YMvmyjRtKRFcxnlXGWglNybtNTNVmGdp94K62/+NjF5FDQ==}
    engines: {node: '>= 6.9.0'}
    hasBin: true
    peerDependencies:
      chokidar: ^3.3.0
    peerDependenciesMeta:
      chokidar:
        optional: true
    dependencies:
      a-sync-waterfall: 1.0.1
      asap: 2.0.6
      commander: 5.1.0
    dev: false

  /once/1.4.0:
    resolution: {integrity: sha512-lNaJgI+2Q5URQBkccEKHTQOPaXdUxnZZElQTZY0MFUAuaEqe1E+Nyvgdz/aIyNi6Z9MzO5dv1H8n58/GELp3+w==}
    dependencies:
      wrappy: 1.0.2
    dev: false

  /path-is-absolute/1.0.1:
    resolution: {integrity: sha512-AVbw3UJ2e9bq64vSaS9Am0fje1Pa8pbGqTTsmXfaIiMpnr5DlDhfJOuLj9Sf95ZPVDAUerDfEk88MPmPe7UCQg==}
    engines: {node: '>=0.10.0'}
    dev: false

  /path-key/3.1.1:
    resolution: {integrity: sha512-ojmeN0qd+y0jszEtoY48r0Peq5dwMEkIlCOu6Q5f41lfkswXuKtYrhgoTpLnyIcHm24Uhqx+5Tqm2InSwLhE6Q==}
    engines: {node: '>=8'}
    dev: false

  /picomatch/2.3.1:
    resolution: {integrity: sha512-JU3teHTNjmE2VCGFzuY8EXzCDVwEqB2a8fsIvwaStHhAWJEeVd1o1QD80CU6+ZdEXXSLbSsuLwJjkCBWqRQUVA==}
    engines: {node: '>=8.6'}
    dev: false

  /promise/7.3.1:
    resolution: {integrity: sha512-nolQXZ/4L+bP/UGlkfaIujX9BKxGwmQ9OT4mOt5yvy8iK1h3wqTEJCijzGANTCCl9nWjY41juyAn2K3Q1hLLTg==}
    dependencies:
      asap: 2.0.6
    dev: false

  /pstree.remy/1.1.8:
    resolution: {integrity: sha512-77DZwxQmxKnu3aR542U+X8FypNzbfJ+C5XQDk3uWjWxn6151aIMGthWYRXTqT1E5oJvg+ljaa2OJi+VfvCOQ8w==}
    dev: false

  /read-metadata/1.0.0:
    resolution: {integrity: sha512-XJdiOrkzOlIac9vXNvgp/4I8qj9EPuHlbf/eoX2rusLFjdKjp0TQ82V3cj+AFjXBzzoZ1TaqAtHnGsR3UdO1Gw==}
    dependencies:
      yaml-js: 0.0.8
    dev: false

  /readable-stream/1.1.14:
    resolution: {integrity: sha512-+MeVjFf4L44XUkhM1eYbD8fyEsxcV81pqMSR5gblfcLCHfZvbrqy4/qYHE+/R5HoBUT11WV5O08Cr1n3YXkWVQ==}
    dependencies:
      core-util-is: 1.0.3
      inherits: 2.0.4
      isarray: 0.0.1
      string_decoder: 0.10.31
    dev: false

  /readdirp/3.6.0:
    resolution: {integrity: sha512-hOS089on8RduqdbhvQ5Z37A0ESjsqz6qnRcffsMU3495FuTdqSm+7bhJ29JvIOsBDEEnan5DPu9t3To9VRlMzA==}
    engines: {node: '>=8.10.0'}
    dependencies:
      picomatch: 2.3.1
    dev: false

  /recursive-readdir/1.3.0:
    resolution: {integrity: sha512-xPLahSmi5cp0id46BHffsrWDpU1z0zt2Hl1B8Qn/GQhOv9UGE2u/qQQHwdg+H/Nk3Emx5JYN4fKbmc3XvQA2Lw==}
    engines: {node: '>=0.6.6'}
    dependencies:
      minimatch: 0.3.0
    dev: false

  /require-one/1.0.3:
    resolution: {integrity: sha512-5nXixwgbAZfQ65g7fXv5fDXYRiKByOT1NT3EffS+0W/1MoF+Lkbsly3MXIlPIAgEtspX5fWAbXnp6d4BNMx+xQ==}
    dev: false

  /rimraf/3.0.2:
    resolution: {integrity: sha512-JZkJMZkAGFFPP2YqXZXPbMlMBgsxzE8ILs4lMIX/2o0L9UBw9O/Y3o6wFw/i9YLapcUJWwqbi3kdxIPdC62TIA==}
    hasBin: true
    dependencies:
      glob: 7.2.3
    dev: false

  /rss/1.2.2:
    resolution: {integrity: sha512-xUhRTgslHeCBeHAqaWSbOYTydN2f0tAzNXvzh3stjz7QDhQMzdgHf3pfgNIngeytQflrFPfy6axHilTETr6gDg==}
    dependencies:
      mime-types: 2.1.13
      xml: 1.0.1
    dev: false

  /section-matter/1.0.0:
    resolution: {integrity: sha512-vfD3pmTzGpufjScBh50YHKzEu2lxBWhVEHsNGoEXmCmn2hKGfeNLYMzCJpe8cD7gqX7TJluOVpBkAequ6dgMmA==}
    engines: {node: '>=4'}
    dependencies:
      extend-shallow: 2.0.1
      kind-of: 6.0.3
    dev: false

  /semver/5.7.1:
    resolution: {integrity: sha512-sauaDf/PZdVgrLTNYHRtpXa1iRiKcaebiKQ1BJdpQlWH2lCvexQdX55snPFyK7QzpudqbCI0qXFfOasHdyNDGQ==}
    hasBin: true
    dev: false

  /semver/7.0.0:
    resolution: {integrity: sha512-+GB6zVA9LWh6zovYQLALHwv5rb2PHGlJi3lfiqIHxR0uuwCgefcOJc59v9fv1w8GbStwxuuqqAjI9NMAOOgq1A==}
    hasBin: true
    dev: false

  /shebang-command/2.0.0:
    resolution: {integrity: sha512-kHxr2zZpYtdmrN1qDjrrX/Z1rR1kG8Dx+gkpK1G4eXmvXswmcE1hTWBWYUzlraYw1/yZp6YuDY77YtvbN0dmDA==}
    engines: {node: '>=8'}
    dependencies:
      shebang-regex: 3.0.0
    dev: false

  /shebang-regex/3.0.0:
    resolution: {integrity: sha512-7++dFhtcx3353uBaq8DDR4NuxBetBzC7ZQOhmTQInHEd6bSrXdiEyzCvG07Z44UYdLShWUyXt5M/yhz8ekcb1A==}
    engines: {node: '>=8'}
    dev: false

  /sigmund/1.0.1:
    resolution: {integrity: sha512-fCvEXfh6NWpm+YSuY2bpXb/VIihqWA6hLsgboC+0nl71Q7N7o2eaCW8mJa/NLvQhs6jpd3VZV4UiUQlV6+lc8g==}
    dev: false

  /simple-update-notifier/1.1.0:
    resolution: {integrity: sha512-VpsrsJSUcJEseSbMHkrsrAVSdvVS5I96Qo1QAQ4FxQ9wXFcB+pjj7FB7/us9+GcgfW4ziHtYMc1J0PLczb55mg==}
    engines: {node: '>=8.10.0'}
    dependencies:
      semver: 7.0.0
    dev: false

  /sprintf-js/1.0.3:
    resolution: {integrity: sha512-D9cPgkvLlV3t3IzL0D0YLvGA9Ahk4PcvVwUbN0dSGr1aP0Nrt4AEnTUbuGvquEC0mA64Gqt1fzirlRs5ibXx8g==}
    dev: false

  /stat-mode/0.2.2:
    resolution: {integrity: sha512-o+7DC0OM5Jt3+gratXXqfXf62V/CBoqQbT7Kp7jCxTYW2PLOB2/ZSGIfm9T5/QZe1Vw1MCbu6DoB6JnhVtxcJw==}
    dev: false

  /stat-mode/1.0.0:
    resolution: {integrity: sha512-jH9EhtKIjuXZ2cWxmXS8ZP80XyC3iasQxMDV8jzhNJpfDb7VbQLVW4Wvsxz9QZvzV+G4YoSfBUVKDOyxLzi/sg==}
    engines: {node: '>= 6'}
    dev: false

  /string_decoder/0.10.31:
    resolution: {integrity: sha512-ev2QzSzWPYmy9GuqfIVildA4OdcGLeFZQrq5ys6RtiuF+RQQiZWr8TZNyAcuVXyQRYfEO+MsoB/1BuQVhOJuoQ==}
    dev: false

  /strip-bom-string/1.0.0:
    resolution: {integrity: sha512-uCC2VHvQRYu+lMh4My/sFNmF2klFymLX1wHJeXnbEJERpV/ZsVuonzerjfrGpIGF7LBVa1O7i9kjiWvJiFck8g==}
    engines: {node: '>=0.10.0'}
    dev: false

  /supports-color/5.5.0:
    resolution: {integrity: sha512-QjVjwdXIt408MIiAqCX4oUKsgU2EqAGzs2Ppkm4aQYbjm+ZEWEcW4SfFNTr4uMNZma0ey4f5lgLrkB0aX0QMow==}
    engines: {node: '>=4'}
    dependencies:
      has-flag: 3.0.0
    dev: false

  /to-regex-range/5.0.1:
    resolution: {integrity: sha512-65P7iz6X5yEr1cwcgvQxbbIw7Uk3gOy5dIdtZ4rDveLqhrdJP+Li/Hx6tyK0NEb+2GCyneCMJiGqrADCSNk8sQ==}
    engines: {node: '>=8.0'}
    dependencies:
      is-number: 7.0.0
    dev: false

  /touch/3.1.0:
    resolution: {integrity: sha512-WBx8Uy5TLtOSRtIq+M03/sKDrXCLHxwDcquSP2c43Le03/9serjQBIztjRz6FkJez9D/hleyAXTBGLwwZUw9lA==}
    hasBin: true
    dependencies:
      nopt: 1.0.10
    dev: false

  /undefsafe/2.0.5:
    resolution: {integrity: sha512-WxONCrssBM8TSPRqN5EmsjVrsv4A8X12J4ArBiiayv3DyyG3ZlIg6yysuuSYdZsVz3TKcTg2fd//Ujd4CHV1iA==}
    dev: false

  /ware/1.3.0:
    resolution: {integrity: sha512-Y2HUDMktriUm+SR2gZWxlrszcgtXExlhQYZ8QJNYbl22jum00KIUcHJ/h/sdAXhWTJcbSkiMYN9Z2tWbWYSrrw==}
    dependencies:
      wrap-fn: 0.1.5
    dev: false

  /which/2.0.2:
    resolution: {integrity: sha512-BLI3Tl1TW3Pvl70l3yq3Y64i+awpwXqsGBYWkkqMtnbXgrMD+yj7rhW0kuEDxzJaYXGjEW5ogapKNMEKNMjibA==}
    engines: {node: '>= 8'}
    hasBin: true
    dependencies:
      isexe: 2.0.0
    dev: false

  /wrap-fn/0.1.5:
    resolution: {integrity: sha512-xDLdGx0M8JQw9QDAC9s5NUxtg9MI09F6Vbxa2LYoSoCvzJnx2n81YMIfykmXEGsUvuLaxnblJTzhSOjUOX37ag==}
    dependencies:
      co: 3.1.0
    dev: false

  /wrappy/1.0.2:
    resolution: {integrity: sha512-l4Sp/DRseor9wL6EvV2+TuQn63dMkPjZ/sp9XkghTEbV9KlPS1xUsZ3u7/IQO4wxtcFB4bgpQPRcR3QCvezPcQ==}
    dev: false

  /xml/1.0.1:
    resolution: {integrity: sha512-huCv9IH9Tcf95zuYCsQraZtWnJvBtLVE0QHMOs8bWyZAFZNDcYjsPq1nEx8jKA9y+Beo9v+7OBPRisQTjinQMw==}
    dev: false

  /yaml-js/0.0.8:
    resolution: {integrity: sha512-XCqDFUhDO3yhT+Rb/inT3uiC8ekx2lXHDgDeXY8V0Lgkx4yEhzhxraYQxtuajydIrx8L8KmF9OeKCDlyCjvnMQ==}
    dev: false
